// !$*UTF8*$!
{
	archiveVersion = 1;
	classes = {
	};
	objectVersion = 46;
	objects = {

/* Begin PBXBuildFile section */
		571E425B1ABFA99200898520 /* tune.menu.wav in Resources */ = {isa = PBXBuildFile; fileRef = 571E42591ABFA99200898520 /* tune.menu.wav */; };
		571E425C1ABFA99200898520 /* tune.intro.wav in Resources */ = {isa = PBXBuildFile; fileRef = 571E425A1ABFA99200898520 /* tune.intro.wav */; };
		571E425F1ABFAA0400898520 /* GameViewController.m in Sources */ = {isa = PBXBuildFile; fileRef = 571E425E1ABFAA0400898520 /* GameViewController.m */; };
		57494CBD1B32238000E9E3DD /* splash.logo.png in Resources */ = {isa = PBXBuildFile; fileRef = 57494CB91B32238000E9E3DD /* splash.logo.png */; };
		57494CBE1B32238000E9E3DD /* splash.tune.wav in Resources */ = {isa = PBXBuildFile; fileRef = 57494CBA1B32238000E9E3DD /* splash.tune.wav */; };
		57494CBF1B32238000E9E3DD /* xxiivvSplash.m in Sources */ = {isa = PBXBuildFile; fileRef = 57494CBC1B32238000E9E3DD /* xxiivvSplash.m */; };
		57494CC31B322AE200E9E3DD /* xxiivvSplashExtraSlide.m in Sources */ = {isa = PBXBuildFile; fileRef = 57494CC21B322AE200E9E3DD /* xxiivvSplashExtraSlide.m */; };
		574CFC881ABF1AEB00717F08 /* piece.fill.3.png in Resources */ = {isa = PBXBuildFile; fileRef = 574CFC871ABF1AEB00717F08 /* piece.fill.3.png */; };
		574CFC8A1ABF1D2D00717F08 /* piece.star.png in Resources */ = {isa = PBXBuildFile; fileRef = 574CFC891ABF1D2D00717F08 /* piece.star.png */; };
		574CFC8E1ABF4E1900717F08 /* tune.defeat.wav in Resources */ = {isa = PBXBuildFile; fileRef = 574CFC8B1ABF4E1900717F08 /* tune.defeat.wav */; };
		574CFC8F1ABF4E1900717F08 /* tune.victory.wav in Resources */ = {isa = PBXBuildFile; fileRef = 574CFC8C1ABF4E1900717F08 /* tune.victory.wav */; };
		574F0A8F1ABE07C1008EAF3B /* piece.door.png in Resources */ = {isa = PBXBuildFile; fileRef = 574F0A871ABE07C1008EAF3B /* piece.door.png */; };
		574F0A901ABE07C1008EAF3B /* piece.edge.png in Resources */ = {isa = PBXBuildFile; fileRef = 574F0A881ABE07C1008EAF3B /* piece.edge.png */; };
		574F0A911ABE07C1008EAF3B /* piece.fill.1.png in Resources */ = {isa = PBXBuildFile; fileRef = 574F0A891ABE07C1008EAF3B /* piece.fill.1.png */; };
		574F0A921ABE07C1008EAF3B /* piece.fill.2.png in Resources */ = {isa = PBXBuildFile; fileRef = 574F0A8A1ABE07C1008EAF3B /* piece.fill.2.png */; };
		574F0A931ABE07C1008EAF3B /* piece.junction.png in Resources */ = {isa = PBXBuildFile; fileRef = 574F0A8B1ABE07C1008EAF3B /* piece.junction.png */; };
		574F0A941ABE07C1008EAF3B /* piece.psd in Resources */ = {isa = PBXBuildFile; fileRef = 574F0A8C1ABE07C1008EAF3B /* piece.psd */; };
		574F0A951ABE07C1008EAF3B /* piece.tower.png in Resources */ = {isa = PBXBuildFile; fileRef = 574F0A8D1ABE07C1008EAF3B /* piece.tower.png */; };
		574F0A961ABE07C1008EAF3B /* piece.vertical.png in Resources */ = {isa = PBXBuildFile; fileRef = 574F0A8E1ABE07C1008EAF3B /* piece.vertical.png */; };
		574F0A981ABE08AF008EAF3B /* piece.window.png in Resources */ = {isa = PBXBuildFile; fileRef = 574F0A971ABE08AF008EAF3B /* piece.window.png */; };
		574F0A9A1ABE096C008EAF3B /* piece.grass.png in Resources */ = {isa = PBXBuildFile; fileRef = 574F0A991ABE096C008EAF3B /* piece.grass.png */; };
		5766B72E1AFB9BE5008A631D /* logan.card.0000 in Resources */ = {isa = PBXBuildFile; fileRef = 5766B6F21AFB9BE5008A631D /* logan.card.0000 */; };
		5766B72F1AFB9BE5008A631D /* logan.card.0001 in Resources */ = {isa = PBXBuildFile; fileRef = 5766B6F31AFB9BE5008A631D /* logan.card.0001 */; };
		5766B7301AFB9BE5008A631D /* logan.card.0002 in Resources */ = {isa = PBXBuildFile; fileRef = 5766B6F41AFB9BE5008A631D /* logan.card.0002 */; };
		5766B7311AFB9BE5008A631D /* logan.card.0003 in Resources */ = {isa = PBXBuildFile; fileRef = 5766B6F51AFB9BE5008A631D /* logan.card.0003 */; };
		5766B7321AFB9BE5008A631D /* logan.card.0004 in Resources */ = {isa = PBXBuildFile; fileRef = 5766B6F61AFB9BE5008A631D /* logan.card.0004 */; };
		5766B7331AFB9BE5008A631D /* logan.card.0005 in Resources */ = {isa = PBXBuildFile; fileRef = 5766B6F71AFB9BE5008A631D /* logan.card.0005 */; };
		5766B7341AFB9BE5008A631D /* logan.card.0006 in Resources */ = {isa = PBXBuildFile; fileRef = 5766B6F81AFB9BE5008A631D /* logan.card.0006 */; };
		5766B7351AFB9BE5008A631D /* logan.card.0007 in Resources */ = {isa = PBXBuildFile; fileRef = 5766B6F91AFB9BE5008A631D /* logan.card.0007 */; };
		5766B7361AFB9BE5008A631D /* logan.card.0008 in Resources */ = {isa = PBXBuildFile; fileRef = 5766B6FA1AFB9BE5008A631D /* logan.card.0008 */; };
		5766B7371AFB9BE5008A631D /* logan.card.0009 in Resources */ = {isa = PBXBuildFile; fileRef = 5766B6FB1AFB9BE5008A631D /* logan.card.0009 */; };
		5766B7381AFB9BE5008A631D /* logan.card.0010 in Resources */ = {isa = PBXBuildFile; fileRef = 5766B6FC1AFB9BE5008A631D /* logan.card.0010 */; };
		5766B7391AFB9BE5008A631D /* logan.card.0011 in Resources */ = {isa = PBXBuildFile; fileRef = 5766B6FD1AFB9BE5008A631D /* logan.card.0011 */; };
		5766B73A1AFB9BE5008A631D /* logan.card.0012 in Resources */ = {isa = PBXBuildFile; fileRef = 5766B6FE1AFB9BE5008A631D /* logan.card.0012 */; };
		5766B73B1AFB9BE5008A631D /* logan.card.0013 in Resources */ = {isa = PBXBuildFile; fileRef = 5766B6FF1AFB9BE5008A631D /* logan.card.0013 */; };
		5766B73C1AFB9BE5008A631D /* logan.card.0014 in Resources */ = {isa = PBXBuildFile; fileRef = 5766B7001AFB9BE5008A631D /* logan.card.0014 */; };
		5766B73D1AFB9BE5008A631D /* logan.card.0015 in Resources */ = {isa = PBXBuildFile; fileRef = 5766B7011AFB9BE5008A631D /* logan.card.0015 */; };
		5766B73E1AFB9BE5008A631D /* logan.card.0016 in Resources */ = {isa = PBXBuildFile; fileRef = 5766B7021AFB9BE5008A631D /* logan.card.0016 */; };
		5766B73F1AFB9BE5008A631D /* logan.card.0017 in Resources */ = {isa = PBXBuildFile; fileRef = 5766B7031AFB9BE5008A631D /* logan.card.0017 */; };
		5766B7401AFB9BE5008A631D /* logan.card.0018 in Resources */ = {isa = PBXBuildFile; fileRef = 5766B7041AFB9BE5008A631D /* logan.card.0018 */; };
		5766B7411AFB9BE5008A631D /* logan.card.0019 in Resources */ = {isa = PBXBuildFile; fileRef = 5766B7051AFB9BE5008A631D /* logan.card.0019 */; };
		5766B7421AFB9BE5008A631D /* logan.card.0020 in Resources */ = {isa = PBXBuildFile; fileRef = 5766B7061AFB9BE5008A631D /* logan.card.0020 */; };
		5766B7431AFB9BE5008A631D /* logan.card.0021 in Resources */ = {isa = PBXBuildFile; fileRef = 5766B7071AFB9BE5008A631D /* logan.card.0021 */; };
		5766B7441AFB9BE5008A631D /* logan.card.0022 in Resources */ = {isa = PBXBuildFile; fileRef = 5766B7081AFB9BE5008A631D /* logan.card.0022 */; };
		5766B7451AFB9BE5008A631D /* logan.card.0023 in Resources */ = {isa = PBXBuildFile; fileRef = 5766B7091AFB9BE5008A631D /* logan.card.0023 */; };
		5766B7461AFB9BE5008A631D /* logan.card.0024 in Resources */ = {isa = PBXBuildFile; fileRef = 5766B70A1AFB9BE5008A631D /* logan.card.0024 */; };
		5766B7471AFB9BE5008A631D /* logan.card.0025 in Resources */ = {isa = PBXBuildFile; fileRef = 5766B70B1AFB9BE5008A631D /* logan.card.0025 */; };
		5766B7481AFB9BE5008A631D /* logan.card.0026 in Resources */ = {isa = PBXBuildFile; fileRef = 5766B70C1AFB9BE5008A631D /* logan.card.0026 */; };
		5766B7491AFB9BE5008A631D /* logan.card.0027 in Resources */ = {isa = PBXBuildFile; fileRef = 5766B70D1AFB9BE5008A631D /* logan.card.0027 */; };
		5766B74A1AFB9BE5008A631D /* logan.card.0028 in Resources */ = {isa = PBXBuildFile; fileRef = 5766B70E1AFB9BE5008A631D /* logan.card.0028 */; };
		5766B74B1AFB9BE5008A631D /* logan.card.0029 in Resources */ = {isa = PBXBuildFile; fileRef = 5766B70F1AFB9BE5008A631D /* logan.card.0029 */; };
		5766B74C1AFB9BE5008A631D /* logan.card.0030 in Resources */ = {isa = PBXBuildFile; fileRef = 5766B7101AFB9BE5008A631D /* logan.card.0030 */; };
		5766B74D1AFB9BE5008A631D /* logan.card.0031 in Resources */ = {isa = PBXBuildFile; fileRef = 5766B7111AFB9BE5008A631D /* logan.card.0031 */; };
		5766B74E1AFB9BE5008A631D /* logan.card.0032 in Resources */ = {isa = PBXBuildFile; fileRef = 5766B7121AFB9BE5008A631D /* logan.card.0032 */; };
		5766B74F1AFB9BE5008A631D /* logan.card.0033 in Resources */ = {isa = PBXBuildFile; fileRef = 5766B7131AFB9BE5008A631D /* logan.card.0033 */; };
		5766B7501AFB9BE5008A631D /* logan.card.0034 in Resources */ = {isa = PBXBuildFile; fileRef = 5766B7141AFB9BE5008A631D /* logan.card.0034 */; };
		5766B7511AFB9BE5008A631D /* logan.card.0035 in Resources */ = {isa = PBXBuildFile; fileRef = 5766B7151AFB9BE5008A631D /* logan.card.0035 */; };
		5766B7521AFB9BE5008A631D /* logan.card.0036 in Resources */ = {isa = PBXBuildFile; fileRef = 5766B7161AFB9BE5008A631D /* logan.card.0036 */; };
		5766B7531AFB9BE5008A631D /* logan.card.0037 in Resources */ = {isa = PBXBuildFile; fileRef = 5766B7171AFB9BE5008A631D /* logan.card.0037 */; };
		5766B7541AFB9BE5008A631D /* logan.card.0038 in Resources */ = {isa = PBXBuildFile; fileRef = 5766B7181AFB9BE5008A631D /* logan.card.0038 */; };
		5766B7551AFB9BE5008A631D /* logan.card.0039 in Resources */ = {isa = PBXBuildFile; fileRef = 5766B7191AFB9BE5008A631D /* logan.card.0039 */; };
		5766B7561AFB9BE5008A631D /* logan.card.0040 in Resources */ = {isa = PBXBuildFile; fileRef = 5766B71A1AFB9BE5008A631D /* logan.card.0040 */; };
		5766B7571AFB9BE5008A631D /* logan.card.0041 in Resources */ = {isa = PBXBuildFile; fileRef = 5766B71B1AFB9BE5008A631D /* logan.card.0041 */; };
		5766B7581AFB9BE5008A631D /* logan.card.0042 in Resources */ = {isa = PBXBuildFile; fileRef = 5766B71C1AFB9BE5008A631D /* logan.card.0042 */; };
		5766B7591AFB9BE5008A631D /* logan.card.0043 in Resources */ = {isa = PBXBuildFile; fileRef = 5766B71D1AFB9BE5008A631D /* logan.card.0043 */; };
		5766B75A1AFB9BE5008A631D /* logan.card.0044 in Resources */ = {isa = PBXBuildFile; fileRef = 5766B71E1AFB9BE5008A631D /* logan.card.0044 */; };
		5766B75B1AFB9BE5008A631D /* logan.card.0045 in Resources */ = {isa = PBXBuildFile; fileRef = 5766B71F1AFB9BE5008A631D /* logan.card.0045 */; };
		5766B75C1AFB9BE5008A631D /* logan.card.0046 in Resources */ = {isa = PBXBuildFile; fileRef = 5766B7201AFB9BE5008A631D /* logan.card.0046 */; };
		5766B75D1AFB9BE5008A631D /* logan.card.0047 in Resources */ = {isa = PBXBuildFile; fileRef = 5766B7211AFB9BE5008A631D /* logan.card.0047 */; };
		5766B75E1AFB9BE5008A631D /* logan.card.0048 in Resources */ = {isa = PBXBuildFile; fileRef = 5766B7221AFB9BE5008A631D /* logan.card.0048 */; };
		5766B75F1AFB9BE5008A631D /* logan.card.0049 in Resources */ = {isa = PBXBuildFile; fileRef = 5766B7231AFB9BE5008A631D /* logan.card.0049 */; };
		5766B7601AFB9BE5008A631D /* logan.card.0050 in Resources */ = {isa = PBXBuildFile; fileRef = 5766B7241AFB9BE5008A631D /* logan.card.0050 */; };
		5766B7611AFB9BE5008A631D /* logan.card.0051 in Resources */ = {isa = PBXBuildFile; fileRef = 5766B7251AFB9BE5008A631D /* logan.card.0051 */; };
		5766B7621AFB9BE5008A631D /* logan.card.0052 in Resources */ = {isa = PBXBuildFile; fileRef = 5766B7261AFB9BE5008A631D /* logan.card.0052 */; };
		5766B7631AFB9BE5008A631D /* logan.card.0053 in Resources */ = {isa = PBXBuildFile; fileRef = 5766B7271AFB9BE5008A631D /* logan.card.0053 */; };
		5766B7641AFB9BE5008A631D /* logan.card.0055 in Resources */ = {isa = PBXBuildFile; fileRef = 5766B7281AFB9BE5008A631D /* logan.card.0055 */; };
		5766B7651AFB9BE5008A631D /* logan.card.0056 in Resources */ = {isa = PBXBuildFile; fileRef = 5766B7291AFB9BE5008A631D /* logan.card.0056 */; };
		5766B7661AFB9BE5008A631D /* logan.card.0057 in Resources */ = {isa = PBXBuildFile; fileRef = 5766B72A1AFB9BE5008A631D /* logan.card.0057 */; };
		5766B7671AFB9BE5008A631D /* logan.card.0058 in Resources */ = {isa = PBXBuildFile; fileRef = 5766B72B1AFB9BE5008A631D /* logan.card.0058 */; };
		5766B7681AFB9BE5008A631D /* logan.card.0059 in Resources */ = {isa = PBXBuildFile; fileRef = 5766B72C1AFB9BE5008A631D /* logan.card.0059 */; };
		5766B7691AFB9BE5008A631D /* logan.card.0060 in Resources */ = {isa = PBXBuildFile; fileRef = 5766B72D1AFB9BE5008A631D /* logan.card.0060 */; };
		5766B76C1AFBA4A5008A631D /* tune.shield.break.wav in Resources */ = {isa = PBXBuildFile; fileRef = 5766B76A1AFBA4A5008A631D /* tune.shield.break.wav */; };
		5766B76D1AFBA4A5008A631D /* tune.shield.gain.wav in Resources */ = {isa = PBXBuildFile; fileRef = 5766B76B1AFBA4A5008A631D /* tune.shield.gain.wav */; };
		5766B7711AFBA65A008A631D /* tune.health.gain.wav in Resources */ = {isa = PBXBuildFile; fileRef = 5766B76E1AFBA65A008A631D /* tune.health.gain.wav */; };
		5766B7721AFBA65A008A631D /* tune.health.loose.wav in Resources */ = {isa = PBXBuildFile; fileRef = 5766B76F1AFBA65A008A631D /* tune.health.loose.wav */; };
		5766B7731AFBA65A008A631D /* tune.health.unchanged.wav in Resources */ = {isa = PBXBuildFile; fileRef = 5766B7701AFBA65A008A631D /* tune.health.unchanged.wav */; };
		5766B7751AFBA98E008A631D /* tune.enter.wav in Resources */ = {isa = PBXBuildFile; fileRef = 5766B7741AFBA98E008A631D /* tune.enter.wav */; };
		5780562D1AB09AAC007296E4 /* default.card.0056 in Resources */ = {isa = PBXBuildFile; fileRef = 578056281AB09AAC007296E4 /* default.card.0056 */; };
		5780562E1AB09AAC007296E4 /* default.card.0057 in Resources */ = {isa = PBXBuildFile; fileRef = 578056291AB09AAC007296E4 /* default.card.0057 */; };
		5780562F1AB09AAC007296E4 /* default.card.0058 in Resources */ = {isa = PBXBuildFile; fileRef = 5780562A1AB09AAC007296E4 /* default.card.0058 */; };
		578056301AB09AAC007296E4 /* default.card.0059 in Resources */ = {isa = PBXBuildFile; fileRef = 5780562B1AB09AAC007296E4 /* default.card.0059 */; };
		578056311AB09AAC007296E4 /* default.card.0060 in Resources */ = {isa = PBXBuildFile; fileRef = 5780562C1AB09AAC007296E4 /* default.card.0060 */; };
		57B172541AA1807800DE1796 /* Card.m in Sources */ = {isa = PBXBuildFile; fileRef = 57B172531AA1807800DE1796 /* Card.m */; };
		57B172571AA182FD00DE1796 /* User.m in Sources */ = {isa = PBXBuildFile; fileRef = 57B172561AA182FD00DE1796 /* User.m */; };
		57BC29CD1AA162BA00098150 /* main.m in Sources */ = {isa = PBXBuildFile; fileRef = 57BC29CC1AA162BA00098150 /* main.m */; };
		57BC29D01AA162BA00098150 /* AppDelegate.m in Sources */ = {isa = PBXBuildFile; fileRef = 57BC29CF1AA162BA00098150 /* AppDelegate.m */; };
		57BC29D31AA162BA00098150 /* ViewController.m in Sources */ = {isa = PBXBuildFile; fileRef = 57BC29D21AA162BA00098150 /* ViewController.m */; };
		57BC29D61AA162BA00098150 /* Main.storyboard in Resources */ = {isa = PBXBuildFile; fileRef = 57BC29D41AA162BA00098150 /* Main.storyboard */; };
		57BC29D81AA162BA00098150 /* Images.xcassets in Resources */ = {isa = PBXBuildFile; fileRef = 57BC29D71AA162BA00098150 /* Images.xcassets */; };
		57BC29DB1AA162BA00098150 /* LaunchScreen.xib in Resources */ = {isa = PBXBuildFile; fileRef = 57BC29D91AA162BA00098150 /* LaunchScreen.xib */; };
		57BC29F21AA1653E00098150 /* Deck.m in Sources */ = {isa = PBXBuildFile; fileRef = 57BC29F11AA1653E00098150 /* Deck.m */; };
		57BC29F51AA169E200098150 /* Hand.m in Sources */ = {isa = PBXBuildFile; fileRef = 57BC29F41AA169E200098150 /* Hand.m */; };
		57C386511AAD6A8B0080F31D /* default.card.0000 in Resources */ = {isa = PBXBuildFile; fileRef = 57C3861A1AAD6A8B0080F31D /* default.card.0000 */; };
		57C386521AAD6A8B0080F31D /* default.card.0001 in Resources */ = {isa = PBXBuildFile; fileRef = 57C3861B1AAD6A8B0080F31D /* default.card.0001 */; };
		57C386531AAD6A8B0080F31D /* default.card.0002 in Resources */ = {isa = PBXBuildFile; fileRef = 57C3861C1AAD6A8B0080F31D /* default.card.0002 */; };
		57C386541AAD6A8B0080F31D /* default.card.0003 in Resources */ = {isa = PBXBuildFile; fileRef = 57C3861D1AAD6A8B0080F31D /* default.card.0003 */; };
		57C386551AAD6A8B0080F31D /* default.card.0004 in Resources */ = {isa = PBXBuildFile; fileRef = 57C3861E1AAD6A8B0080F31D /* default.card.0004 */; };
		57C386561AAD6A8B0080F31D /* default.card.0005 in Resources */ = {isa = PBXBuildFile; fileRef = 57C3861F1AAD6A8B0080F31D /* default.card.0005 */; };
		57C386571AAD6A8B0080F31D /* default.card.0006 in Resources */ = {isa = PBXBuildFile; fileRef = 57C386201AAD6A8B0080F31D /* default.card.0006 */; };
		57C386581AAD6A8B0080F31D /* default.card.0007 in Resources */ = {isa = PBXBuildFile; fileRef = 57C386211AAD6A8B0080F31D /* default.card.0007 */; };
		57C386591AAD6A8B0080F31D /* default.card.0008 in Resources */ = {isa = PBXBuildFile; fileRef = 57C386221AAD6A8B0080F31D /* default.card.0008 */; };
		57C3865A1AAD6A8B0080F31D /* default.card.0009 in Resources */ = {isa = PBXBuildFile; fileRef = 57C386231AAD6A8B0080F31D /* default.card.0009 */; };
		57C3865B1AAD6A8B0080F31D /* default.card.0010 in Resources */ = {isa = PBXBuildFile; fileRef = 57C386241AAD6A8B0080F31D /* default.card.0010 */; };
		57C3865C1AAD6A8B0080F31D /* default.card.0011 in Resources */ = {isa = PBXBuildFile; fileRef = 57C386251AAD6A8B0080F31D /* default.card.0011 */; };
		57C3865D1AAD6A8B0080F31D /* default.card.0012 in Resources */ = {isa = PBXBuildFile; fileRef = 57C386261AAD6A8B0080F31D /* default.card.0012 */; };
		57C3865E1AAD6A8B0080F31D /* default.card.0013 in Resources */ = {isa = PBXBuildFile; fileRef = 57C386271AAD6A8B0080F31D /* default.card.0013 */; };
		57C3865F1AAD6A8B0080F31D /* default.card.0014 in Resources */ = {isa = PBXBuildFile; fileRef = 57C386281AAD6A8B0080F31D /* default.card.0014 */; };
		57C386601AAD6A8B0080F31D /* default.card.0015 in Resources */ = {isa = PBXBuildFile; fileRef = 57C386291AAD6A8B0080F31D /* default.card.0015 */; };
		57C386611AAD6A8B0080F31D /* default.card.0016 in Resources */ = {isa = PBXBuildFile; fileRef = 57C3862A1AAD6A8B0080F31D /* default.card.0016 */; };
		57C386621AAD6A8B0080F31D /* default.card.0017 in Resources */ = {isa = PBXBuildFile; fileRef = 57C3862B1AAD6A8B0080F31D /* default.card.0017 */; };
		57C386631AAD6A8B0080F31D /* default.card.0018 in Resources */ = {isa = PBXBuildFile; fileRef = 57C3862C1AAD6A8B0080F31D /* default.card.0018 */; };
		57C386641AAD6A8B0080F31D /* default.card.0019 in Resources */ = {isa = PBXBuildFile; fileRef = 57C3862D1AAD6A8B0080F31D /* default.card.0019 */; };
		57C386651AAD6A8B0080F31D /* default.card.0020 in Resources */ = {isa = PBXBuildFile; fileRef = 57C3862E1AAD6A8B0080F31D /* default.card.0020 */; };
		57C386661AAD6A8B0080F31D /* default.card.0021 in Resources */ = {isa = PBXBuildFile; fileRef = 57C3862F1AAD6A8B0080F31D /* default.card.0021 */; };
		57C386671AAD6A8B0080F31D /* default.card.0022 in Resources */ = {isa = PBXBuildFile; fileRef = 57C386301AAD6A8B0080F31D /* default.card.0022 */; };
		57C386681AAD6A8B0080F31D /* default.card.0023 in Resources */ = {isa = PBXBuildFile; fileRef = 57C386311AAD6A8B0080F31D /* default.card.0023 */; };
		57C386691AAD6A8B0080F31D /* default.card.0024 in Resources */ = {isa = PBXBuildFile; fileRef = 57C386321AAD6A8B0080F31D /* default.card.0024 */; };
		57C3866A1AAD6A8B0080F31D /* default.card.0025 in Resources */ = {isa = PBXBuildFile; fileRef = 57C386331AAD6A8B0080F31D /* default.card.0025 */; };
		57C3866B1AAD6A8B0080F31D /* default.card.0026 in Resources */ = {isa = PBXBuildFile; fileRef = 57C386341AAD6A8B0080F31D /* default.card.0026 */; };
		57C3866C1AAD6A8B0080F31D /* default.card.0027 in Resources */ = {isa = PBXBuildFile; fileRef = 57C386351AAD6A8B0080F31D /* default.card.0027 */; };
		57C3866D1AAD6A8B0080F31D /* default.card.0028 in Resources */ = {isa = PBXBuildFile; fileRef = 57C386361AAD6A8B0080F31D /* default.card.0028 */; };
		57C3866E1AAD6A8B0080F31D /* default.card.0029 in Resources */ = {isa = PBXBuildFile; fileRef = 57C386371AAD6A8B0080F31D /* default.card.0029 */; };
		57C3866F1AAD6A8B0080F31D /* default.card.0030 in Resources */ = {isa = PBXBuildFile; fileRef = 57C386381AAD6A8B0080F31D /* default.card.0030 */; };
		57C386701AAD6A8B0080F31D /* default.card.0031 in Resources */ = {isa = PBXBuildFile; fileRef = 57C386391AAD6A8B0080F31D /* default.card.0031 */; };
		57C386711AAD6A8B0080F31D /* default.card.0032 in Resources */ = {isa = PBXBuildFile; fileRef = 57C3863A1AAD6A8B0080F31D /* default.card.0032 */; };
		57C386721AAD6A8B0080F31D /* default.card.0033 in Resources */ = {isa = PBXBuildFile; fileRef = 57C3863B1AAD6A8B0080F31D /* default.card.0033 */; };
		57C386731AAD6A8B0080F31D /* default.card.0034 in Resources */ = {isa = PBXBuildFile; fileRef = 57C3863C1AAD6A8B0080F31D /* default.card.0034 */; };
		57C386741AAD6A8B0080F31D /* default.card.0035 in Resources */ = {isa = PBXBuildFile; fileRef = 57C3863D1AAD6A8B0080F31D /* default.card.0035 */; };
		57C386751AAD6A8B0080F31D /* default.card.0036 in Resources */ = {isa = PBXBuildFile; fileRef = 57C3863E1AAD6A8B0080F31D /* default.card.0036 */; };
		57C386761AAD6A8B0080F31D /* default.card.0037 in Resources */ = {isa = PBXBuildFile; fileRef = 57C3863F1AAD6A8B0080F31D /* default.card.0037 */; };
		57C386771AAD6A8B0080F31D /* default.card.0038 in Resources */ = {isa = PBXBuildFile; fileRef = 57C386401AAD6A8B0080F31D /* default.card.0038 */; };
		57C386781AAD6A8B0080F31D /* default.card.0039 in Resources */ = {isa = PBXBuildFile; fileRef = 57C386411AAD6A8B0080F31D /* default.card.0039 */; };
		57C386791AAD6A8B0080F31D /* default.card.0040 in Resources */ = {isa = PBXBuildFile; fileRef = 57C386421AAD6A8B0080F31D /* default.card.0040 */; };
		57C3867A1AAD6A8B0080F31D /* default.card.0041 in Resources */ = {isa = PBXBuildFile; fileRef = 57C386431AAD6A8B0080F31D /* default.card.0041 */; };
		57C3867B1AAD6A8B0080F31D /* default.card.0042 in Resources */ = {isa = PBXBuildFile; fileRef = 57C386441AAD6A8B0080F31D /* default.card.0042 */; };
		57C3867C1AAD6A8B0080F31D /* default.card.0043 in Resources */ = {isa = PBXBuildFile; fileRef = 57C386451AAD6A8B0080F31D /* default.card.0043 */; };
		57C3867D1AAD6A8B0080F31D /* default.card.0044 in Resources */ = {isa = PBXBuildFile; fileRef = 57C386461AAD6A8B0080F31D /* default.card.0044 */; };
		57C3867E1AAD6A8B0080F31D /* default.card.0045 in Resources */ = {isa = PBXBuildFile; fileRef = 57C386471AAD6A8B0080F31D /* default.card.0045 */; };
		57C3867F1AAD6A8B0080F31D /* default.card.0046 in Resources */ = {isa = PBXBuildFile; fileRef = 57C386481AAD6A8B0080F31D /* default.card.0046 */; };
		57C386801AAD6A8B0080F31D /* default.card.0047 in Resources */ = {isa = PBXBuildFile; fileRef = 57C386491AAD6A8B0080F31D /* default.card.0047 */; };
		57C386811AAD6A8B0080F31D /* default.card.0048 in Resources */ = {isa = PBXBuildFile; fileRef = 57C3864A1AAD6A8B0080F31D /* default.card.0048 */; };
		57C386821AAD6A8B0080F31D /* default.card.0049 in Resources */ = {isa = PBXBuildFile; fileRef = 57C3864B1AAD6A8B0080F31D /* default.card.0049 */; };
		57C386831AAD6A8B0080F31D /* default.card.0050 in Resources */ = {isa = PBXBuildFile; fileRef = 57C3864C1AAD6A8B0080F31D /* default.card.0050 */; };
		57C386841AAD6A8B0080F31D /* default.card.0051 in Resources */ = {isa = PBXBuildFile; fileRef = 57C3864D1AAD6A8B0080F31D /* default.card.0051 */; };
		57C386851AAD6A8B0080F31D /* default.card.0052 in Resources */ = {isa = PBXBuildFile; fileRef = 57C3864E1AAD6A8B0080F31D /* default.card.0052 */; };
		57C386861AAD6A8B0080F31D /* default.card.0053 in Resources */ = {isa = PBXBuildFile; fileRef = 57C3864F1AAD6A8B0080F31D /* default.card.0053 */; };
		57C386871AAD6A8B0080F31D /* default.card.0054 in Resources */ = {isa = PBXBuildFile; fileRef = 57C386501AAD6A8B0080F31D /* default.card.0054 */; };
		57C386891AAD729A0080F31D /* default.card.0055 in Resources */ = {isa = PBXBuildFile; fileRef = 57C386881AAD729A0080F31D /* default.card.0055 */; };
		57C722721AB22FE2005F70B6 /* Menu.m in Sources */ = {isa = PBXBuildFile; fileRef = 57C722711AB22FE2005F70B6 /* Menu.m */; };
		57C722741AB23473005F70B6 /* AVFoundation.framework in Frameworks */ = {isa = PBXBuildFile; fileRef = 57C722731AB23473005F70B6 /* AVFoundation.framework */; };
		57C7227A1AB23521005F70B6 /* click.1.wav in Resources */ = {isa = PBXBuildFile; fileRef = 57C722761AB23521005F70B6 /* click.1.wav */; };
		57C7227B1AB23521005F70B6 /* click.2.wav in Resources */ = {isa = PBXBuildFile; fileRef = 57C722771AB23521005F70B6 /* click.2.wav */; };
		57C7227C1AB23521005F70B6 /* click.3.wav in Resources */ = {isa = PBXBuildFile; fileRef = 57C722781AB23521005F70B6 /* click.3.wav */; };
		57C7227D1AB23521005F70B6 /* click.4.wav in Resources */ = {isa = PBXBuildFile; fileRef = 57C722791AB23521005F70B6 /* click.4.wav */; };
		57C722861AB23B6C005F70B6 /* segueFade.m in Sources */ = {isa = PBXBuildFile; fileRef = 57C722841AB23B6C005F70B6 /* segueFade.m */; };
		57C722891AB23D84005F70B6 /* splash.logo.eternal.png in Resources */ = {isa = PBXBuildFile; fileRef = 57C722881AB23D84005F70B6 /* splash.logo.eternal.png */; };
		58FDF0BB1B138E38002C654E /* InterfaceController.swift in Sources */ = {isa = PBXBuildFile; fileRef = 58FDF0BA1B138E38002C654E /* InterfaceController.swift */; };
		58FDF0BD1B138E38002C654E /* Images.xcassets in Resources */ = {isa = PBXBuildFile; fileRef = 58FDF0BC1B138E38002C654E /* Images.xcassets */; };
		58FDF0C91B138E39002C654E /* Interface.storyboard in Resources */ = {isa = PBXBuildFile; fileRef = 58FDF0C71B138E39002C654E /* Interface.storyboard */; };
		58FDF0CB1B138E39002C654E /* Images.xcassets in Resources */ = {isa = PBXBuildFile; fileRef = 58FDF0CA1B138E39002C654E /* Images.xcassets */; };
		58FDF0D81B138E91002C654E /* alertView.swift in Sources */ = {isa = PBXBuildFile; fileRef = 58FDF0D61B138E91002C654E /* alertView.swift */; };
		58FDF0D91B138E91002C654E /* Deck.swift in Sources */ = {isa = PBXBuildFile; fileRef = 58FDF0D71B138E91002C654E /* Deck.swift */; };
		7D33909F1BB319BA00E45CF4 /* Donsol WatchKit Extension.appex in Embed App Extensions */ = {isa = PBXBuildFile; fileRef = 58FDF0B61B138E38002C654E /* Donsol WatchKit Extension.appex */; settings = {ATTRIBUTES = (RemoveHeadersOnCopy, ); }; };
		7D3390A21BB319BA00E45CF4 /* Donsol WatchKit App.app in Embed Watch Content */ = {isa = PBXBuildFile; fileRef = 58FDF0C01B138E39002C654E /* Donsol WatchKit App.app */; };
/* End PBXBuildFile section */

/* Begin PBXContainerItemProxy section */
		7D33909D1BB319BA00E45CF4 /* PBXContainerItemProxy */ = {
			isa = PBXContainerItemProxy;
			containerPortal = 57BC29BF1AA162BA00098150 /* Project object */;
			proxyType = 1;
			remoteGlobalIDString = 58FDF0B51B138E38002C654E;
			remoteInfo = "Donsol WatchKit Extension";
		};
		7D3390A01BB319BA00E45CF4 /* PBXContainerItemProxy */ = {
			isa = PBXContainerItemProxy;
			containerPortal = 57BC29BF1AA162BA00098150 /* Project object */;
			proxyType = 1;
			remoteGlobalIDString = 58FDF0BF1B138E39002C654E;
			remoteInfo = "Donsol WatchKit App";
		};
/* End PBXContainerItemProxy section */

/* Begin PBXCopyFilesBuildPhase section */
		7D3390A31BB319BA00E45CF4 /* Embed App Extensions */ = {
			isa = PBXCopyFilesBuildPhase;
			buildActionMask = 2147483647;
			dstPath = "";
			dstSubfolderSpec = 13;
			files = (
				7D33909F1BB319BA00E45CF4 /* Donsol WatchKit Extension.appex in Embed App Extensions */,
			);
			name = "Embed App Extensions";
			runOnlyForDeploymentPostprocessing = 0;
		};
		7D3390A41BB319BA00E45CF4 /* Embed Watch Content */ = {
			isa = PBXCopyFilesBuildPhase;
			buildActionMask = 2147483647;
			dstPath = "$(CONTENTS_FOLDER_PATH)/Watch";
			dstSubfolderSpec = 16;
			files = (
				7D3390A21BB319BA00E45CF4 /* Donsol WatchKit App.app in Embed Watch Content */,
			);
			name = "Embed Watch Content";
			runOnlyForDeploymentPostprocessing = 0;
		};
/* End PBXCopyFilesBuildPhase section */

/* Begin PBXFileReference section */
		571E42591ABFA99200898520 /* tune.menu.wav */ = {isa = PBXFileReference; lastKnownFileType = audio.wav; path = tune.menu.wav; sourceTree = "<group>"; };
		571E425A1ABFA99200898520 /* tune.intro.wav */ = {isa = PBXFileReference; lastKnownFileType = audio.wav; path = tune.intro.wav; sourceTree = "<group>"; };
		571E425D1ABFAA0400898520 /* GameViewController.h */ = {isa = PBXFileReference; fileEncoding = 4; lastKnownFileType = sourcecode.c.h; path = GameViewController.h; sourceTree = "<group>"; };
		571E425E1ABFAA0400898520 /* GameViewController.m */ = {isa = PBXFileReference; fileEncoding = 4; lastKnownFileType = sourcecode.c.objc; path = GameViewController.m; sourceTree = "<group>"; };
		57494CB91B32238000E9E3DD /* splash.logo.png */ = {isa = PBXFileReference; lastKnownFileType = image.png; path = splash.logo.png; sourceTree = "<group>"; };
		57494CBA1B32238000E9E3DD /* splash.tune.wav */ = {isa = PBXFileReference; lastKnownFileType = audio.wav; path = splash.tune.wav; sourceTree = "<group>"; };
		57494CBB1B32238000E9E3DD /* xxiivvSplash.h */ = {isa = PBXFileReference; fileEncoding = 4; lastKnownFileType = sourcecode.c.h; path = xxiivvSplash.h; sourceTree = "<group>"; };
		57494CBC1B32238000E9E3DD /* xxiivvSplash.m */ = {isa = PBXFileReference; fileEncoding = 4; lastKnownFileType = sourcecode.c.objc; path = xxiivvSplash.m; sourceTree = "<group>"; };
		57494CC11B322AE200E9E3DD /* xxiivvSplashExtraSlide.h */ = {isa = PBXFileReference; fileEncoding = 4; lastKnownFileType = sourcecode.c.h; name = xxiivvSplashExtraSlide.h; path = Splash/xxiivvSplashExtraSlide.h; sourceTree = "<group>"; };
		57494CC21B322AE200E9E3DD /* xxiivvSplashExtraSlide.m */ = {isa = PBXFileReference; fileEncoding = 4; lastKnownFileType = sourcecode.c.objc; name = xxiivvSplashExtraSlide.m; path = Splash/xxiivvSplashExtraSlide.m; sourceTree = "<group>"; };
		574CFC871ABF1AEB00717F08 /* piece.fill.3.png */ = {isa = PBXFileReference; lastKnownFileType = image.png; path = piece.fill.3.png; sourceTree = "<group>"; };
		574CFC891ABF1D2D00717F08 /* piece.star.png */ = {isa = PBXFileReference; lastKnownFileType = image.png; path = piece.star.png; sourceTree = "<group>"; };
		574CFC8B1ABF4E1900717F08 /* tune.defeat.wav */ = {isa = PBXFileReference; lastKnownFileType = audio.wav; path = tune.defeat.wav; sourceTree = "<group>"; };
		574CFC8C1ABF4E1900717F08 /* tune.victory.wav */ = {isa = PBXFileReference; lastKnownFileType = audio.wav; path = tune.victory.wav; sourceTree = "<group>"; };
		574F0A871ABE07C1008EAF3B /* piece.door.png */ = {isa = PBXFileReference; lastKnownFileType = image.png; path = piece.door.png; sourceTree = "<group>"; };
		574F0A881ABE07C1008EAF3B /* piece.edge.png */ = {isa = PBXFileReference; lastKnownFileType = image.png; path = piece.edge.png; sourceTree = "<group>"; };
		574F0A891ABE07C1008EAF3B /* piece.fill.1.png */ = {isa = PBXFileReference; lastKnownFileType = image.png; path = piece.fill.1.png; sourceTree = "<group>"; };
		574F0A8A1ABE07C1008EAF3B /* piece.fill.2.png */ = {isa = PBXFileReference; lastKnownFileType = image.png; path = piece.fill.2.png; sourceTree = "<group>"; };
		574F0A8B1ABE07C1008EAF3B /* piece.junction.png */ = {isa = PBXFileReference; lastKnownFileType = image.png; path = piece.junction.png; sourceTree = "<group>"; };
		574F0A8C1ABE07C1008EAF3B /* piece.psd */ = {isa = PBXFileReference; lastKnownFileType = file; path = piece.psd; sourceTree = "<group>"; };
		574F0A8D1ABE07C1008EAF3B /* piece.tower.png */ = {isa = PBXFileReference; lastKnownFileType = image.png; path = piece.tower.png; sourceTree = "<group>"; };
		574F0A8E1ABE07C1008EAF3B /* piece.vertical.png */ = {isa = PBXFileReference; lastKnownFileType = image.png; path = piece.vertical.png; sourceTree = "<group>"; };
		574F0A971ABE08AF008EAF3B /* piece.window.png */ = {isa = PBXFileReference; lastKnownFileType = image.png; path = piece.window.png; sourceTree = "<group>"; };
		574F0A991ABE096C008EAF3B /* piece.grass.png */ = {isa = PBXFileReference; lastKnownFileType = image.png; path = piece.grass.png; sourceTree = "<group>"; };
		5766B6F21AFB9BE5008A631D /* logan.card.0000 */ = {isa = PBXFileReference; lastKnownFileType = file; path = logan.card.0000; sourceTree = "<group>"; };
		5766B6F31AFB9BE5008A631D /* logan.card.0001 */ = {isa = PBXFileReference; lastKnownFileType = file; path = logan.card.0001; sourceTree = "<group>"; };
		5766B6F41AFB9BE5008A631D /* logan.card.0002 */ = {isa = PBXFileReference; lastKnownFileType = file; path = logan.card.0002; sourceTree = "<group>"; };
		5766B6F51AFB9BE5008A631D /* logan.card.0003 */ = {isa = PBXFileReference; lastKnownFileType = file; path = logan.card.0003; sourceTree = "<group>"; };
		5766B6F61AFB9BE5008A631D /* logan.card.0004 */ = {isa = PBXFileReference; lastKnownFileType = file; path = logan.card.0004; sourceTree = "<group>"; };
		5766B6F71AFB9BE5008A631D /* logan.card.0005 */ = {isa = PBXFileReference; lastKnownFileType = file; path = logan.card.0005; sourceTree = "<group>"; };
		5766B6F81AFB9BE5008A631D /* logan.card.0006 */ = {isa = PBXFileReference; lastKnownFileType = file; path = logan.card.0006; sourceTree = "<group>"; };
		5766B6F91AFB9BE5008A631D /* logan.card.0007 */ = {isa = PBXFileReference; lastKnownFileType = file; path = logan.card.0007; sourceTree = "<group>"; };
		5766B6FA1AFB9BE5008A631D /* logan.card.0008 */ = {isa = PBXFileReference; lastKnownFileType = file; path = logan.card.0008; sourceTree = "<group>"; };
		5766B6FB1AFB9BE5008A631D /* logan.card.0009 */ = {isa = PBXFileReference; lastKnownFileType = file; path = logan.card.0009; sourceTree = "<group>"; };
		5766B6FC1AFB9BE5008A631D /* logan.card.0010 */ = {isa = PBXFileReference; lastKnownFileType = file; path = logan.card.0010; sourceTree = "<group>"; };
		5766B6FD1AFB9BE5008A631D /* logan.card.0011 */ = {isa = PBXFileReference; lastKnownFileType = file; path = logan.card.0011; sourceTree = "<group>"; };
		5766B6FE1AFB9BE5008A631D /* logan.card.0012 */ = {isa = PBXFileReference; lastKnownFileType = file; path = logan.card.0012; sourceTree = "<group>"; };
		5766B6FF1AFB9BE5008A631D /* logan.card.0013 */ = {isa = PBXFileReference; lastKnownFileType = file; path = logan.card.0013; sourceTree = "<group>"; };
		5766B7001AFB9BE5008A631D /* logan.card.0014 */ = {isa = PBXFileReference; lastKnownFileType = file; path = logan.card.0014; sourceTree = "<group>"; };
		5766B7011AFB9BE5008A631D /* logan.card.0015 */ = {isa = PBXFileReference; lastKnownFileType = file; path = logan.card.0015; sourceTree = "<group>"; };
		5766B7021AFB9BE5008A631D /* logan.card.0016 */ = {isa = PBXFileReference; lastKnownFileType = file; path = logan.card.0016; sourceTree = "<group>"; };
		5766B7031AFB9BE5008A631D /* logan.card.0017 */ = {isa = PBXFileReference; lastKnownFileType = file; path = logan.card.0017; sourceTree = "<group>"; };
		5766B7041AFB9BE5008A631D /* logan.card.0018 */ = {isa = PBXFileReference; lastKnownFileType = file; path = logan.card.0018; sourceTree = "<group>"; };
		5766B7051AFB9BE5008A631D /* logan.card.0019 */ = {isa = PBXFileReference; lastKnownFileType = file; path = logan.card.0019; sourceTree = "<group>"; };
		5766B7061AFB9BE5008A631D /* logan.card.0020 */ = {isa = PBXFileReference; lastKnownFileType = file; path = logan.card.0020; sourceTree = "<group>"; };
		5766B7071AFB9BE5008A631D /* logan.card.0021 */ = {isa = PBXFileReference; lastKnownFileType = file; path = logan.card.0021; sourceTree = "<group>"; };
		5766B7081AFB9BE5008A631D /* logan.card.0022 */ = {isa = PBXFileReference; lastKnownFileType = file; path = logan.card.0022; sourceTree = "<group>"; };
		5766B7091AFB9BE5008A631D /* logan.card.0023 */ = {isa = PBXFileReference; lastKnownFileType = file; path = logan.card.0023; sourceTree = "<group>"; };
		5766B70A1AFB9BE5008A631D /* logan.card.0024 */ = {isa = PBXFileReference; lastKnownFileType = file; path = logan.card.0024; sourceTree = "<group>"; };
		5766B70B1AFB9BE5008A631D /* logan.card.0025 */ = {isa = PBXFileReference; lastKnownFileType = file; path = logan.card.0025; sourceTree = "<group>"; };
		5766B70C1AFB9BE5008A631D /* logan.card.0026 */ = {isa = PBXFileReference; lastKnownFileType = file; path = logan.card.0026; sourceTree = "<group>"; };
		5766B70D1AFB9BE5008A631D /* logan.card.0027 */ = {isa = PBXFileReference; lastKnownFileType = file; path = logan.card.0027; sourceTree = "<group>"; };
		5766B70E1AFB9BE5008A631D /* logan.card.0028 */ = {isa = PBXFileReference; lastKnownFileType = file; path = logan.card.0028; sourceTree = "<group>"; };
		5766B70F1AFB9BE5008A631D /* logan.card.0029 */ = {isa = PBXFileReference; lastKnownFileType = file; path = logan.card.0029; sourceTree = "<group>"; };
		5766B7101AFB9BE5008A631D /* logan.card.0030 */ = {isa = PBXFileReference; lastKnownFileType = file; path = logan.card.0030; sourceTree = "<group>"; };
		5766B7111AFB9BE5008A631D /* logan.card.0031 */ = {isa = PBXFileReference; lastKnownFileType = file; path = logan.card.0031; sourceTree = "<group>"; };
		5766B7121AFB9BE5008A631D /* logan.card.0032 */ = {isa = PBXFileReference; lastKnownFileType = file; path = logan.card.0032; sourceTree = "<group>"; };
		5766B7131AFB9BE5008A631D /* logan.card.0033 */ = {isa = PBXFileReference; lastKnownFileType = file; path = logan.card.0033; sourceTree = "<group>"; };
		5766B7141AFB9BE5008A631D /* logan.card.0034 */ = {isa = PBXFileReference; lastKnownFileType = file; path = logan.card.0034; sourceTree = "<group>"; };
		5766B7151AFB9BE5008A631D /* logan.card.0035 */ = {isa = PBXFileReference; lastKnownFileType = file; path = logan.card.0035; sourceTree = "<group>"; };
		5766B7161AFB9BE5008A631D /* logan.card.0036 */ = {isa = PBXFileReference; lastKnownFileType = file; path = logan.card.0036; sourceTree = "<group>"; };
		5766B7171AFB9BE5008A631D /* logan.card.0037 */ = {isa = PBXFileReference; lastKnownFileType = file; path = logan.card.0037; sourceTree = "<group>"; };
		5766B7181AFB9BE5008A631D /* logan.card.0038 */ = {isa = PBXFileReference; lastKnownFileType = file; path = logan.card.0038; sourceTree = "<group>"; };
		5766B7191AFB9BE5008A631D /* logan.card.0039 */ = {isa = PBXFileReference; lastKnownFileType = file; path = logan.card.0039; sourceTree = "<group>"; };
		5766B71A1AFB9BE5008A631D /* logan.card.0040 */ = {isa = PBXFileReference; lastKnownFileType = file; path = logan.card.0040; sourceTree = "<group>"; };
		5766B71B1AFB9BE5008A631D /* logan.card.0041 */ = {isa = PBXFileReference; lastKnownFileType = file; path = logan.card.0041; sourceTree = "<group>"; };
		5766B71C1AFB9BE5008A631D /* logan.card.0042 */ = {isa = PBXFileReference; lastKnownFileType = file; path = logan.card.0042; sourceTree = "<group>"; };
		5766B71D1AFB9BE5008A631D /* logan.card.0043 */ = {isa = PBXFileReference; lastKnownFileType = file; path = logan.card.0043; sourceTree = "<group>"; };
		5766B71E1AFB9BE5008A631D /* logan.card.0044 */ = {isa = PBXFileReference; lastKnownFileType = file; path = logan.card.0044; sourceTree = "<group>"; };
		5766B71F1AFB9BE5008A631D /* logan.card.0045 */ = {isa = PBXFileReference; lastKnownFileType = file; path = logan.card.0045; sourceTree = "<group>"; };
		5766B7201AFB9BE5008A631D /* logan.card.0046 */ = {isa = PBXFileReference; lastKnownFileType = file; path = logan.card.0046; sourceTree = "<group>"; };
		5766B7211AFB9BE5008A631D /* logan.card.0047 */ = {isa = PBXFileReference; lastKnownFileType = file; path = logan.card.0047; sourceTree = "<group>"; };
		5766B7221AFB9BE5008A631D /* logan.card.0048 */ = {isa = PBXFileReference; lastKnownFileType = file; path = logan.card.0048; sourceTree = "<group>"; };
		5766B7231AFB9BE5008A631D /* logan.card.0049 */ = {isa = PBXFileReference; lastKnownFileType = file; path = logan.card.0049; sourceTree = "<group>"; };
		5766B7241AFB9BE5008A631D /* logan.card.0050 */ = {isa = PBXFileReference; lastKnownFileType = file; path = logan.card.0050; sourceTree = "<group>"; };
		5766B7251AFB9BE5008A631D /* logan.card.0051 */ = {isa = PBXFileReference; lastKnownFileType = file; path = logan.card.0051; sourceTree = "<group>"; };
		5766B7261AFB9BE5008A631D /* logan.card.0052 */ = {isa = PBXFileReference; lastKnownFileType = file; path = logan.card.0052; sourceTree = "<group>"; };
		5766B7271AFB9BE5008A631D /* logan.card.0053 */ = {isa = PBXFileReference; lastKnownFileType = file; path = logan.card.0053; sourceTree = "<group>"; };
		5766B7281AFB9BE5008A631D /* logan.card.0055 */ = {isa = PBXFileReference; lastKnownFileType = file; path = logan.card.0055; sourceTree = "<group>"; };
		5766B7291AFB9BE5008A631D /* logan.card.0056 */ = {isa = PBXFileReference; lastKnownFileType = file; path = logan.card.0056; sourceTree = "<group>"; };
		5766B72A1AFB9BE5008A631D /* logan.card.0057 */ = {isa = PBXFileReference; lastKnownFileType = file; path = logan.card.0057; sourceTree = "<group>"; };
		5766B72B1AFB9BE5008A631D /* logan.card.0058 */ = {isa = PBXFileReference; lastKnownFileType = file; path = logan.card.0058; sourceTree = "<group>"; };
		5766B72C1AFB9BE5008A631D /* logan.card.0059 */ = {isa = PBXFileReference; lastKnownFileType = file; path = logan.card.0059; sourceTree = "<group>"; };
		5766B72D1AFB9BE5008A631D /* logan.card.0060 */ = {isa = PBXFileReference; lastKnownFileType = file; path = logan.card.0060; sourceTree = "<group>"; };
		5766B76A1AFBA4A5008A631D /* tune.shield.break.wav */ = {isa = PBXFileReference; lastKnownFileType = audio.wav; path = tune.shield.break.wav; sourceTree = "<group>"; };
		5766B76B1AFBA4A5008A631D /* tune.shield.gain.wav */ = {isa = PBXFileReference; lastKnownFileType = audio.wav; path = tune.shield.gain.wav; sourceTree = "<group>"; };
		5766B76E1AFBA65A008A631D /* tune.health.gain.wav */ = {isa = PBXFileReference; lastKnownFileType = audio.wav; path = tune.health.gain.wav; sourceTree = "<group>"; };
		5766B76F1AFBA65A008A631D /* tune.health.loose.wav */ = {isa = PBXFileReference; lastKnownFileType = audio.wav; path = tune.health.loose.wav; sourceTree = "<group>"; };
		5766B7701AFBA65A008A631D /* tune.health.unchanged.wav */ = {isa = PBXFileReference; lastKnownFileType = audio.wav; path = tune.health.unchanged.wav; sourceTree = "<group>"; };
		5766B7741AFBA98E008A631D /* tune.enter.wav */ = {isa = PBXFileReference; lastKnownFileType = audio.wav; path = tune.enter.wav; sourceTree = "<group>"; };
		578056281AB09AAC007296E4 /* default.card.0056 */ = {isa = PBXFileReference; lastKnownFileType = file; path = default.card.0056; sourceTree = "<group>"; };
		578056291AB09AAC007296E4 /* default.card.0057 */ = {isa = PBXFileReference; lastKnownFileType = file; path = default.card.0057; sourceTree = "<group>"; };
		5780562A1AB09AAC007296E4 /* default.card.0058 */ = {isa = PBXFileReference; lastKnownFileType = file; path = default.card.0058; sourceTree = "<group>"; };
		5780562B1AB09AAC007296E4 /* default.card.0059 */ = {isa = PBXFileReference; lastKnownFileType = file; path = default.card.0059; sourceTree = "<group>"; };
		5780562C1AB09AAC007296E4 /* default.card.0060 */ = {isa = PBXFileReference; lastKnownFileType = file; path = default.card.0060; sourceTree = "<group>"; };
		57B172521AA1807800DE1796 /* Card.h */ = {isa = PBXFileReference; fileEncoding = 4; lastKnownFileType = sourcecode.c.h; path = Card.h; sourceTree = "<group>"; };
		57B172531AA1807800DE1796 /* Card.m */ = {isa = PBXFileReference; fileEncoding = 4; lastKnownFileType = sourcecode.c.objc; path = Card.m; sourceTree = "<group>"; };
		57B172551AA182FD00DE1796 /* User.h */ = {isa = PBXFileReference; fileEncoding = 4; lastKnownFileType = sourcecode.c.h; path = User.h; sourceTree = "<group>"; };
		57B172561AA182FD00DE1796 /* User.m */ = {isa = PBXFileReference; fileEncoding = 4; lastKnownFileType = sourcecode.c.objc; path = User.m; sourceTree = "<group>"; };
		57BC29C71AA162BA00098150 /* Donsol.app */ = {isa = PBXFileReference; explicitFileType = wrapper.application; includeInIndex = 0; path = Donsol.app; sourceTree = BUILT_PRODUCTS_DIR; };
		57BC29CB1AA162BA00098150 /* Info.plist */ = {isa = PBXFileReference; lastKnownFileType = text.plist.xml; path = Info.plist; sourceTree = "<group>"; };
		57BC29CC1AA162BA00098150 /* main.m */ = {isa = PBXFileReference; lastKnownFileType = sourcecode.c.objc; path = main.m; sourceTree = "<group>"; };
		57BC29CE1AA162BA00098150 /* AppDelegate.h */ = {isa = PBXFileReference; lastKnownFileType = sourcecode.c.h; path = AppDelegate.h; sourceTree = "<group>"; };
		57BC29CF1AA162BA00098150 /* AppDelegate.m */ = {isa = PBXFileReference; lastKnownFileType = sourcecode.c.objc; path = AppDelegate.m; sourceTree = "<group>"; };
		57BC29D11AA162BA00098150 /* ViewController.h */ = {isa = PBXFileReference; lastKnownFileType = sourcecode.c.h; path = ViewController.h; sourceTree = "<group>"; };
		57BC29D21AA162BA00098150 /* ViewController.m */ = {isa = PBXFileReference; lastKnownFileType = sourcecode.c.objc; path = ViewController.m; sourceTree = "<group>"; };
		57BC29D51AA162BA00098150 /* Base */ = {isa = PBXFileReference; lastKnownFileType = file.storyboard; name = Base; path = Base.lproj/Main.storyboard; sourceTree = "<group>"; };
		57BC29D71AA162BA00098150 /* Images.xcassets */ = {isa = PBXFileReference; lastKnownFileType = folder.assetcatalog; path = Images.xcassets; sourceTree = "<group>"; };
		57BC29DA1AA162BA00098150 /* Base */ = {isa = PBXFileReference; lastKnownFileType = file.xib; name = Base; path = Base.lproj/LaunchScreen.xib; sourceTree = "<group>"; };
		57BC29F01AA1653E00098150 /* Deck.h */ = {isa = PBXFileReference; fileEncoding = 4; lastKnownFileType = sourcecode.c.h; path = Deck.h; sourceTree = "<group>"; };
		57BC29F11AA1653E00098150 /* Deck.m */ = {isa = PBXFileReference; fileEncoding = 4; lastKnownFileType = sourcecode.c.objc; path = Deck.m; sourceTree = "<group>"; };
		57BC29F31AA169E200098150 /* Hand.h */ = {isa = PBXFileReference; fileEncoding = 4; lastKnownFileType = sourcecode.c.h; path = Hand.h; sourceTree = "<group>"; };
		57BC29F41AA169E200098150 /* Hand.m */ = {isa = PBXFileReference; fileEncoding = 4; lastKnownFileType = sourcecode.c.objc; path = Hand.m; sourceTree = "<group>"; };
		57C3861A1AAD6A8B0080F31D /* default.card.0000 */ = {isa = PBXFileReference; lastKnownFileType = file; path = default.card.0000; sourceTree = "<group>"; };
		57C3861B1AAD6A8B0080F31D /* default.card.0001 */ = {isa = PBXFileReference; lastKnownFileType = file; path = default.card.0001; sourceTree = "<group>"; };
		57C3861C1AAD6A8B0080F31D /* default.card.0002 */ = {isa = PBXFileReference; lastKnownFileType = file; path = default.card.0002; sourceTree = "<group>"; };
		57C3861D1AAD6A8B0080F31D /* default.card.0003 */ = {isa = PBXFileReference; lastKnownFileType = file; path = default.card.0003; sourceTree = "<group>"; };
		57C3861E1AAD6A8B0080F31D /* default.card.0004 */ = {isa = PBXFileReference; lastKnownFileType = file; path = default.card.0004; sourceTree = "<group>"; };
		57C3861F1AAD6A8B0080F31D /* default.card.0005 */ = {isa = PBXFileReference; lastKnownFileType = file; path = default.card.0005; sourceTree = "<group>"; };
		57C386201AAD6A8B0080F31D /* default.card.0006 */ = {isa = PBXFileReference; lastKnownFileType = file; path = default.card.0006; sourceTree = "<group>"; };
		57C386211AAD6A8B0080F31D /* default.card.0007 */ = {isa = PBXFileReference; lastKnownFileType = file; path = default.card.0007; sourceTree = "<group>"; };
		57C386221AAD6A8B0080F31D /* default.card.0008 */ = {isa = PBXFileReference; lastKnownFileType = file; path = default.card.0008; sourceTree = "<group>"; };
		57C386231AAD6A8B0080F31D /* default.card.0009 */ = {isa = PBXFileReference; lastKnownFileType = file; path = default.card.0009; sourceTree = "<group>"; };
		57C386241AAD6A8B0080F31D /* default.card.0010 */ = {isa = PBXFileReference; lastKnownFileType = file; path = default.card.0010; sourceTree = "<group>"; };
		57C386251AAD6A8B0080F31D /* default.card.0011 */ = {isa = PBXFileReference; lastKnownFileType = file; path = default.card.0011; sourceTree = "<group>"; };
		57C386261AAD6A8B0080F31D /* default.card.0012 */ = {isa = PBXFileReference; lastKnownFileType = file; path = default.card.0012; sourceTree = "<group>"; };
		57C386271AAD6A8B0080F31D /* default.card.0013 */ = {isa = PBXFileReference; lastKnownFileType = file; path = default.card.0013; sourceTree = "<group>"; };
		57C386281AAD6A8B0080F31D /* default.card.0014 */ = {isa = PBXFileReference; lastKnownFileType = file; path = default.card.0014; sourceTree = "<group>"; };
		57C386291AAD6A8B0080F31D /* default.card.0015 */ = {isa = PBXFileReference; lastKnownFileType = file; path = default.card.0015; sourceTree = "<group>"; };
		57C3862A1AAD6A8B0080F31D /* default.card.0016 */ = {isa = PBXFileReference; lastKnownFileType = file; path = default.card.0016; sourceTree = "<group>"; };
		57C3862B1AAD6A8B0080F31D /* default.card.0017 */ = {isa = PBXFileReference; lastKnownFileType = file; path = default.card.0017; sourceTree = "<group>"; };
		57C3862C1AAD6A8B0080F31D /* default.card.0018 */ = {isa = PBXFileReference; lastKnownFileType = file; path = default.card.0018; sourceTree = "<group>"; };
		57C3862D1AAD6A8B0080F31D /* default.card.0019 */ = {isa = PBXFileReference; lastKnownFileType = file; path = default.card.0019; sourceTree = "<group>"; };
		57C3862E1AAD6A8B0080F31D /* default.card.0020 */ = {isa = PBXFileReference; lastKnownFileType = file; path = default.card.0020; sourceTree = "<group>"; };
		57C3862F1AAD6A8B0080F31D /* default.card.0021 */ = {isa = PBXFileReference; lastKnownFileType = file; path = default.card.0021; sourceTree = "<group>"; };
		57C386301AAD6A8B0080F31D /* default.card.0022 */ = {isa = PBXFileReference; lastKnownFileType = file; path = default.card.0022; sourceTree = "<group>"; };
		57C386311AAD6A8B0080F31D /* default.card.0023 */ = {isa = PBXFileReference; lastKnownFileType = file; path = default.card.0023; sourceTree = "<group>"; };
		57C386321AAD6A8B0080F31D /* default.card.0024 */ = {isa = PBXFileReference; lastKnownFileType = file; path = default.card.0024; sourceTree = "<group>"; };
		57C386331AAD6A8B0080F31D /* default.card.0025 */ = {isa = PBXFileReference; lastKnownFileType = file; path = default.card.0025; sourceTree = "<group>"; };
		57C386341AAD6A8B0080F31D /* default.card.0026 */ = {isa = PBXFileReference; lastKnownFileType = file; path = default.card.0026; sourceTree = "<group>"; };
		57C386351AAD6A8B0080F31D /* default.card.0027 */ = {isa = PBXFileReference; lastKnownFileType = file; path = default.card.0027; sourceTree = "<group>"; };
		57C386361AAD6A8B0080F31D /* default.card.0028 */ = {isa = PBXFileReference; lastKnownFileType = file; path = default.card.0028; sourceTree = "<group>"; };
		57C386371AAD6A8B0080F31D /* default.card.0029 */ = {isa = PBXFileReference; lastKnownFileType = file; path = default.card.0029; sourceTree = "<group>"; };
		57C386381AAD6A8B0080F31D /* default.card.0030 */ = {isa = PBXFileReference; lastKnownFileType = file; path = default.card.0030; sourceTree = "<group>"; };
		57C386391AAD6A8B0080F31D /* default.card.0031 */ = {isa = PBXFileReference; lastKnownFileType = file; path = default.card.0031; sourceTree = "<group>"; };
		57C3863A1AAD6A8B0080F31D /* default.card.0032 */ = {isa = PBXFileReference; lastKnownFileType = file; path = default.card.0032; sourceTree = "<group>"; };
		57C3863B1AAD6A8B0080F31D /* default.card.0033 */ = {isa = PBXFileReference; lastKnownFileType = file; path = default.card.0033; sourceTree = "<group>"; };
		57C3863C1AAD6A8B0080F31D /* default.card.0034 */ = {isa = PBXFileReference; lastKnownFileType = file; path = default.card.0034; sourceTree = "<group>"; };
		57C3863D1AAD6A8B0080F31D /* default.card.0035 */ = {isa = PBXFileReference; lastKnownFileType = file; path = default.card.0035; sourceTree = "<group>"; };
		57C3863E1AAD6A8B0080F31D /* default.card.0036 */ = {isa = PBXFileReference; lastKnownFileType = file; path = default.card.0036; sourceTree = "<group>"; };
		57C3863F1AAD6A8B0080F31D /* default.card.0037 */ = {isa = PBXFileReference; lastKnownFileType = file; path = default.card.0037; sourceTree = "<group>"; };
		57C386401AAD6A8B0080F31D /* default.card.0038 */ = {isa = PBXFileReference; lastKnownFileType = file; path = default.card.0038; sourceTree = "<group>"; };
		57C386411AAD6A8B0080F31D /* default.card.0039 */ = {isa = PBXFileReference; lastKnownFileType = file; path = default.card.0039; sourceTree = "<group>"; };
		57C386421AAD6A8B0080F31D /* default.card.0040 */ = {isa = PBXFileReference; lastKnownFileType = file; path = default.card.0040; sourceTree = "<group>"; };
		57C386431AAD6A8B0080F31D /* default.card.0041 */ = {isa = PBXFileReference; lastKnownFileType = file; path = default.card.0041; sourceTree = "<group>"; };
		57C386441AAD6A8B0080F31D /* default.card.0042 */ = {isa = PBXFileReference; lastKnownFileType = file; path = default.card.0042; sourceTree = "<group>"; };
		57C386451AAD6A8B0080F31D /* default.card.0043 */ = {isa = PBXFileReference; lastKnownFileType = file; path = default.card.0043; sourceTree = "<group>"; };
		57C386461AAD6A8B0080F31D /* default.card.0044 */ = {isa = PBXFileReference; lastKnownFileType = file; path = default.card.0044; sourceTree = "<group>"; };
		57C386471AAD6A8B0080F31D /* default.card.0045 */ = {isa = PBXFileReference; lastKnownFileType = file; path = default.card.0045; sourceTree = "<group>"; };
		57C386481AAD6A8B0080F31D /* default.card.0046 */ = {isa = PBXFileReference; lastKnownFileType = file; path = default.card.0046; sourceTree = "<group>"; };
		57C386491AAD6A8B0080F31D /* default.card.0047 */ = {isa = PBXFileReference; lastKnownFileType = file; path = default.card.0047; sourceTree = "<group>"; };
		57C3864A1AAD6A8B0080F31D /* default.card.0048 */ = {isa = PBXFileReference; lastKnownFileType = file; path = default.card.0048; sourceTree = "<group>"; };
		57C3864B1AAD6A8B0080F31D /* default.card.0049 */ = {isa = PBXFileReference; lastKnownFileType = file; path = default.card.0049; sourceTree = "<group>"; };
		57C3864C1AAD6A8B0080F31D /* default.card.0050 */ = {isa = PBXFileReference; lastKnownFileType = file; path = default.card.0050; sourceTree = "<group>"; };
		57C3864D1AAD6A8B0080F31D /* default.card.0051 */ = {isa = PBXFileReference; lastKnownFileType = file; path = default.card.0051; sourceTree = "<group>"; };
		57C3864E1AAD6A8B0080F31D /* default.card.0052 */ = {isa = PBXFileReference; lastKnownFileType = file; path = default.card.0052; sourceTree = "<group>"; };
		57C3864F1AAD6A8B0080F31D /* default.card.0053 */ = {isa = PBXFileReference; lastKnownFileType = file; path = default.card.0053; sourceTree = "<group>"; };
		57C386501AAD6A8B0080F31D /* default.card.0054 */ = {isa = PBXFileReference; lastKnownFileType = file; path = default.card.0054; sourceTree = "<group>"; };
		57C386881AAD729A0080F31D /* default.card.0055 */ = {isa = PBXFileReference; lastKnownFileType = file; path = default.card.0055; sourceTree = "<group>"; };
		57C722701AB22FE2005F70B6 /* Menu.h */ = {isa = PBXFileReference; fileEncoding = 4; lastKnownFileType = sourcecode.c.h; path = Menu.h; sourceTree = "<group>"; };
		57C722711AB22FE2005F70B6 /* Menu.m */ = {isa = PBXFileReference; fileEncoding = 4; lastKnownFileType = sourcecode.c.objc; path = Menu.m; sourceTree = "<group>"; };
		57C722731AB23473005F70B6 /* AVFoundation.framework */ = {isa = PBXFileReference; lastKnownFileType = wrapper.framework; name = AVFoundation.framework; path = System/Library/Frameworks/AVFoundation.framework; sourceTree = SDKROOT; };
		57C722761AB23521005F70B6 /* click.1.wav */ = {isa = PBXFileReference; lastKnownFileType = audio.wav; path = click.1.wav; sourceTree = "<group>"; };
		57C722771AB23521005F70B6 /* click.2.wav */ = {isa = PBXFileReference; lastKnownFileType = audio.wav; path = click.2.wav; sourceTree = "<group>"; };
		57C722781AB23521005F70B6 /* click.3.wav */ = {isa = PBXFileReference; lastKnownFileType = audio.wav; path = click.3.wav; sourceTree = "<group>"; };
		57C722791AB23521005F70B6 /* click.4.wav */ = {isa = PBXFileReference; lastKnownFileType = audio.wav; path = click.4.wav; sourceTree = "<group>"; };
		57C722831AB23B6C005F70B6 /* segueFade.h */ = {isa = PBXFileReference; fileEncoding = 4; lastKnownFileType = sourcecode.c.h; name = segueFade.h; path = assets.splash/segueFade.h; sourceTree = "<group>"; };
		57C722841AB23B6C005F70B6 /* segueFade.m */ = {isa = PBXFileReference; fileEncoding = 4; lastKnownFileType = sourcecode.c.objc; name = segueFade.m; path = assets.splash/segueFade.m; sourceTree = "<group>"; };
		57C722881AB23D84005F70B6 /* splash.logo.eternal.png */ = {isa = PBXFileReference; lastKnownFileType = image.png; name = splash.logo.eternal.png; path = assets.splash/splash.logo.eternal.png; sourceTree = "<group>"; };
		58FDF0B61B138E38002C654E /* Donsol WatchKit Extension.appex */ = {isa = PBXFileReference; explicitFileType = "wrapper.app-extension"; includeInIndex = 0; path = "Donsol WatchKit Extension.appex"; sourceTree = BUILT_PRODUCTS_DIR; };
		58FDF0B91B138E38002C654E /* Info.plist */ = {isa = PBXFileReference; lastKnownFileType = text.plist.xml; path = Info.plist; sourceTree = "<group>"; };
		58FDF0BA1B138E38002C654E /* InterfaceController.swift */ = {isa = PBXFileReference; lastKnownFileType = sourcecode.swift; path = InterfaceController.swift; sourceTree = "<group>"; };
		58FDF0BC1B138E38002C654E /* Images.xcassets */ = {isa = PBXFileReference; lastKnownFileType = folder.assetcatalog; path = Images.xcassets; sourceTree = "<group>"; };
		58FDF0C01B138E39002C654E /* Donsol WatchKit App.app */ = {isa = PBXFileReference; explicitFileType = wrapper.application; includeInIndex = 0; path = "Donsol WatchKit App.app"; sourceTree = BUILT_PRODUCTS_DIR; };
		58FDF0C61B138E39002C654E /* Info.plist */ = {isa = PBXFileReference; lastKnownFileType = text.plist.xml; path = Info.plist; sourceTree = "<group>"; };
		58FDF0C81B138E39002C654E /* Base */ = {isa = PBXFileReference; lastKnownFileType = file.storyboard; name = Base; path = Base.lproj/Interface.storyboard; sourceTree = "<group>"; };
		58FDF0CA1B138E39002C654E /* Images.xcassets */ = {isa = PBXFileReference; lastKnownFileType = folder.assetcatalog; path = Images.xcassets; sourceTree = "<group>"; };
		58FDF0D61B138E91002C654E /* alertView.swift */ = {isa = PBXFileReference; fileEncoding = 4; lastKnownFileType = sourcecode.swift; path = alertView.swift; sourceTree = "<group>"; };
		58FDF0D71B138E91002C654E /* Deck.swift */ = {isa = PBXFileReference; fileEncoding = 4; lastKnownFileType = sourcecode.swift; path = Deck.swift; sourceTree = "<group>"; };
/* End PBXFileReference section */

/* Begin PBXFrameworksBuildPhase section */
		57BC29C41AA162BA00098150 /* Frameworks */ = {
			isa = PBXFrameworksBuildPhase;
			buildActionMask = 2147483647;
			files = (
				57C722741AB23473005F70B6 /* AVFoundation.framework in Frameworks */,
			);
			runOnlyForDeploymentPostprocessing = 0;
		};
		58FDF0B31B138E38002C654E /* Frameworks */ = {
			isa = PBXFrameworksBuildPhase;
			buildActionMask = 2147483647;
			files = (
			);
			runOnlyForDeploymentPostprocessing = 0;
		};
/* End PBXFrameworksBuildPhase section */

/* Begin PBXGroup section */
		57494CC01B32238B00E9E3DD /* splash */ = {
			isa = PBXGroup;
			children = (
				57C722881AB23D84005F70B6 /* splash.logo.eternal.png */,
				57C722831AB23B6C005F70B6 /* segueFade.h */,
				57C722841AB23B6C005F70B6 /* segueFade.m */,
				57494CB91B32238000E9E3DD /* splash.logo.png */,
				57494CBA1B32238000E9E3DD /* splash.tune.wav */,
				57494CBB1B32238000E9E3DD /* xxiivvSplash.h */,
				57494CBC1B32238000E9E3DD /* xxiivvSplash.m */,
				57494CC11B322AE200E9E3DD /* xxiivvSplashExtraSlide.h */,
				57494CC21B322AE200E9E3DD /* xxiivvSplashExtraSlide.m */,
			);
			name = splash;
			sourceTree = "<group>";
		};
		574F0A861ABE07C1008EAF3B /* assets.castle */ = {
			isa = PBXGroup;
			children = (
				574CFC891ABF1D2D00717F08 /* piece.star.png */,
				574CFC871ABF1AEB00717F08 /* piece.fill.3.png */,
				574F0A991ABE096C008EAF3B /* piece.grass.png */,
				574F0A971ABE08AF008EAF3B /* piece.window.png */,
				574F0A871ABE07C1008EAF3B /* piece.door.png */,
				574F0A881ABE07C1008EAF3B /* piece.edge.png */,
				574F0A891ABE07C1008EAF3B /* piece.fill.1.png */,
				574F0A8A1ABE07C1008EAF3B /* piece.fill.2.png */,
				574F0A8B1ABE07C1008EAF3B /* piece.junction.png */,
				574F0A8C1ABE07C1008EAF3B /* piece.psd */,
				574F0A8D1ABE07C1008EAF3B /* piece.tower.png */,
				574F0A8E1ABE07C1008EAF3B /* piece.vertical.png */,
			);
			path = assets.castle;
			sourceTree = "<group>";
		};
		5766B6F01AFB9B2B008A631D /* Defaults */ = {
			isa = PBXGroup;
			children = (
				578056281AB09AAC007296E4 /* default.card.0056 */,
				578056291AB09AAC007296E4 /* default.card.0057 */,
				5780562A1AB09AAC007296E4 /* default.card.0058 */,
				5780562B1AB09AAC007296E4 /* default.card.0059 */,
				5780562C1AB09AAC007296E4 /* default.card.0060 */,
				57C386881AAD729A0080F31D /* default.card.0055 */,
				57C3861A1AAD6A8B0080F31D /* default.card.0000 */,
				57C3861B1AAD6A8B0080F31D /* default.card.0001 */,
				57C3861C1AAD6A8B0080F31D /* default.card.0002 */,
				57C3861D1AAD6A8B0080F31D /* default.card.0003 */,
				57C3861E1AAD6A8B0080F31D /* default.card.0004 */,
				57C3861F1AAD6A8B0080F31D /* default.card.0005 */,
				57C386201AAD6A8B0080F31D /* default.card.0006 */,
				57C386211AAD6A8B0080F31D /* default.card.0007 */,
				57C386221AAD6A8B0080F31D /* default.card.0008 */,
				57C386231AAD6A8B0080F31D /* default.card.0009 */,
				57C386241AAD6A8B0080F31D /* default.card.0010 */,
				57C386251AAD6A8B0080F31D /* default.card.0011 */,
				57C386261AAD6A8B0080F31D /* default.card.0012 */,
				57C386271AAD6A8B0080F31D /* default.card.0013 */,
				57C386281AAD6A8B0080F31D /* default.card.0014 */,
				57C386291AAD6A8B0080F31D /* default.card.0015 */,
				57C3862A1AAD6A8B0080F31D /* default.card.0016 */,
				57C3862B1AAD6A8B0080F31D /* default.card.0017 */,
				57C3862C1AAD6A8B0080F31D /* default.card.0018 */,
				57C3862D1AAD6A8B0080F31D /* default.card.0019 */,
				57C3862E1AAD6A8B0080F31D /* default.card.0020 */,
				57C3862F1AAD6A8B0080F31D /* default.card.0021 */,
				57C386301AAD6A8B0080F31D /* default.card.0022 */,
				57C386311AAD6A8B0080F31D /* default.card.0023 */,
				57C386321AAD6A8B0080F31D /* default.card.0024 */,
				57C386331AAD6A8B0080F31D /* default.card.0025 */,
				57C386341AAD6A8B0080F31D /* default.card.0026 */,
				57C386351AAD6A8B0080F31D /* default.card.0027 */,
				57C386361AAD6A8B0080F31D /* default.card.0028 */,
				57C386371AAD6A8B0080F31D /* default.card.0029 */,
				57C386381AAD6A8B0080F31D /* default.card.0030 */,
				57C386391AAD6A8B0080F31D /* default.card.0031 */,
				57C3863A1AAD6A8B0080F31D /* default.card.0032 */,
				57C3863B1AAD6A8B0080F31D /* default.card.0033 */,
				57C3863C1AAD6A8B0080F31D /* default.card.0034 */,
				57C3863D1AAD6A8B0080F31D /* default.card.0035 */,
				57C3863E1AAD6A8B0080F31D /* default.card.0036 */,
				57C3863F1AAD6A8B0080F31D /* default.card.0037 */,
				57C386401AAD6A8B0080F31D /* default.card.0038 */,
				57C386411AAD6A8B0080F31D /* default.card.0039 */,
				57C386421AAD6A8B0080F31D /* default.card.0040 */,
				57C386431AAD6A8B0080F31D /* default.card.0041 */,
				57C386441AAD6A8B0080F31D /* default.card.0042 */,
				57C386451AAD6A8B0080F31D /* default.card.0043 */,
				57C386461AAD6A8B0080F31D /* default.card.0044 */,
				57C386471AAD6A8B0080F31D /* default.card.0045 */,
				57C386481AAD6A8B0080F31D /* default.card.0046 */,
				57C386491AAD6A8B0080F31D /* default.card.0047 */,
				57C3864A1AAD6A8B0080F31D /* default.card.0048 */,
				57C3864B1AAD6A8B0080F31D /* default.card.0049 */,
				57C3864C1AAD6A8B0080F31D /* default.card.0050 */,
				57C3864D1AAD6A8B0080F31D /* default.card.0051 */,
				57C3864E1AAD6A8B0080F31D /* default.card.0052 */,
				57C3864F1AAD6A8B0080F31D /* default.card.0053 */,
				57C386501AAD6A8B0080F31D /* default.card.0054 */,
			);
			name = Defaults;
			sourceTree = "<group>";
		};
		5766B6F11AFB9B38008A631D /* Logan */ = {
			isa = PBXGroup;
			children = (
				5766B6F21AFB9BE5008A631D /* logan.card.0000 */,
				5766B6F31AFB9BE5008A631D /* logan.card.0001 */,
				5766B6F41AFB9BE5008A631D /* logan.card.0002 */,
				5766B6F51AFB9BE5008A631D /* logan.card.0003 */,
				5766B6F61AFB9BE5008A631D /* logan.card.0004 */,
				5766B6F71AFB9BE5008A631D /* logan.card.0005 */,
				5766B6F81AFB9BE5008A631D /* logan.card.0006 */,
				5766B6F91AFB9BE5008A631D /* logan.card.0007 */,
				5766B6FA1AFB9BE5008A631D /* logan.card.0008 */,
				5766B6FB1AFB9BE5008A631D /* logan.card.0009 */,
				5766B6FC1AFB9BE5008A631D /* logan.card.0010 */,
				5766B6FD1AFB9BE5008A631D /* logan.card.0011 */,
				5766B6FE1AFB9BE5008A631D /* logan.card.0012 */,
				5766B6FF1AFB9BE5008A631D /* logan.card.0013 */,
				5766B7001AFB9BE5008A631D /* logan.card.0014 */,
				5766B7011AFB9BE5008A631D /* logan.card.0015 */,
				5766B7021AFB9BE5008A631D /* logan.card.0016 */,
				5766B7031AFB9BE5008A631D /* logan.card.0017 */,
				5766B7041AFB9BE5008A631D /* logan.card.0018 */,
				5766B7051AFB9BE5008A631D /* logan.card.0019 */,
				5766B7061AFB9BE5008A631D /* logan.card.0020 */,
				5766B7071AFB9BE5008A631D /* logan.card.0021 */,
				5766B7081AFB9BE5008A631D /* logan.card.0022 */,
				5766B7091AFB9BE5008A631D /* logan.card.0023 */,
				5766B70A1AFB9BE5008A631D /* logan.card.0024 */,
				5766B70B1AFB9BE5008A631D /* logan.card.0025 */,
				5766B70C1AFB9BE5008A631D /* logan.card.0026 */,
				5766B70D1AFB9BE5008A631D /* logan.card.0027 */,
				5766B70E1AFB9BE5008A631D /* logan.card.0028 */,
				5766B70F1AFB9BE5008A631D /* logan.card.0029 */,
				5766B7101AFB9BE5008A631D /* logan.card.0030 */,
				5766B7111AFB9BE5008A631D /* logan.card.0031 */,
				5766B7121AFB9BE5008A631D /* logan.card.0032 */,
				5766B7131AFB9BE5008A631D /* logan.card.0033 */,
				5766B7141AFB9BE5008A631D /* logan.card.0034 */,
				5766B7151AFB9BE5008A631D /* logan.card.0035 */,
				5766B7161AFB9BE5008A631D /* logan.card.0036 */,
				5766B7171AFB9BE5008A631D /* logan.card.0037 */,
				5766B7181AFB9BE5008A631D /* logan.card.0038 */,
				5766B7191AFB9BE5008A631D /* logan.card.0039 */,
				5766B71A1AFB9BE5008A631D /* logan.card.0040 */,
				5766B71B1AFB9BE5008A631D /* logan.card.0041 */,
				5766B71C1AFB9BE5008A631D /* logan.card.0042 */,
				5766B71D1AFB9BE5008A631D /* logan.card.0043 */,
				5766B71E1AFB9BE5008A631D /* logan.card.0044 */,
				5766B71F1AFB9BE5008A631D /* logan.card.0045 */,
				5766B7201AFB9BE5008A631D /* logan.card.0046 */,
				5766B7211AFB9BE5008A631D /* logan.card.0047 */,
				5766B7221AFB9BE5008A631D /* logan.card.0048 */,
				5766B7231AFB9BE5008A631D /* logan.card.0049 */,
				5766B7241AFB9BE5008A631D /* logan.card.0050 */,
				5766B7251AFB9BE5008A631D /* logan.card.0051 */,
				5766B7261AFB9BE5008A631D /* logan.card.0052 */,
				5766B7271AFB9BE5008A631D /* logan.card.0053 */,
				5766B7281AFB9BE5008A631D /* logan.card.0055 */,
				5766B7291AFB9BE5008A631D /* logan.card.0056 */,
				5766B72A1AFB9BE5008A631D /* logan.card.0057 */,
				5766B72B1AFB9BE5008A631D /* logan.card.0058 */,
				5766B72C1AFB9BE5008A631D /* logan.card.0059 */,
				5766B72D1AFB9BE5008A631D /* logan.card.0060 */,
			);
			name = Logan;
			sourceTree = "<group>";
		};
		57BC29BE1AA162BA00098150 = {
			isa = PBXGroup;
			children = (
				57C722731AB23473005F70B6 /* AVFoundation.framework */,
				57BC29C91AA162BA00098150 /* solitaryDongeon */,
				58FDF0B71B138E38002C654E /* Donsol WatchKit Extension */,
				58FDF0C41B138E39002C654E /* Donsol WatchKit App */,
				57BC29C81AA162BA00098150 /* Products */,
			);
			sourceTree = "<group>";
		};
		57BC29C81AA162BA00098150 /* Products */ = {
			isa = PBXGroup;
			children = (
				57BC29C71AA162BA00098150 /* Donsol.app */,
				58FDF0B61B138E38002C654E /* Donsol WatchKit Extension.appex */,
				58FDF0C01B138E39002C654E /* Donsol WatchKit App.app */,
			);
			name = Products;
			sourceTree = "<group>";
		};
		57BC29C91AA162BA00098150 /* solitaryDongeon */ = {
			isa = PBXGroup;
			children = (
				57494CC01B32238B00E9E3DD /* splash */,
				574F0A861ABE07C1008EAF3B /* assets.castle */,
				57C722751AB23521005F70B6 /* assets.sounds */,
				57C386191AAD6A8B0080F31D /* assets.cards */,
				57BC29CE1AA162BA00098150 /* AppDelegate.h */,
				57BC29CF1AA162BA00098150 /* AppDelegate.m */,
				57BC29D11AA162BA00098150 /* ViewController.h */,
				57BC29D21AA162BA00098150 /* ViewController.m */,
				571E425D1ABFAA0400898520 /* GameViewController.h */,
				571E425E1ABFAA0400898520 /* GameViewController.m */,
				57B172521AA1807800DE1796 /* Card.h */,
				57B172531AA1807800DE1796 /* Card.m */,
				57BC29F31AA169E200098150 /* Hand.h */,
				57BC29F41AA169E200098150 /* Hand.m */,
				57BC29F01AA1653E00098150 /* Deck.h */,
				57BC29F11AA1653E00098150 /* Deck.m */,
				57B172551AA182FD00DE1796 /* User.h */,
				57B172561AA182FD00DE1796 /* User.m */,
				57BC29D41AA162BA00098150 /* Main.storyboard */,
				57C722701AB22FE2005F70B6 /* Menu.h */,
				57C722711AB22FE2005F70B6 /* Menu.m */,
				57BC29D71AA162BA00098150 /* Images.xcassets */,
				57BC29D91AA162BA00098150 /* LaunchScreen.xib */,
				57BC29CA1AA162BA00098150 /* Supporting Files */,
			);
			path = solitaryDongeon;
			sourceTree = "<group>";
		};
		57BC29CA1AA162BA00098150 /* Supporting Files */ = {
			isa = PBXGroup;
			children = (
				57BC29CB1AA162BA00098150 /* Info.plist */,
				57BC29CC1AA162BA00098150 /* main.m */,
			);
			name = "Supporting Files";
			sourceTree = "<group>";
		};
		57C386191AAD6A8B0080F31D /* assets.cards */ = {
			isa = PBXGroup;
			children = (
				5766B6F11AFB9B38008A631D /* Logan */,
				5766B6F01AFB9B2B008A631D /* Defaults */,
			);
			path = assets.cards;
			sourceTree = "<group>";
		};
		57C722751AB23521005F70B6 /* assets.sounds */ = {
			isa = PBXGroup;
			children = (
				5766B7741AFBA98E008A631D /* tune.enter.wav */,
				5766B76E1AFBA65A008A631D /* tune.health.gain.wav */,
				5766B76F1AFBA65A008A631D /* tune.health.loose.wav */,
				5766B7701AFBA65A008A631D /* tune.health.unchanged.wav */,
				5766B76A1AFBA4A5008A631D /* tune.shield.break.wav */,
				5766B76B1AFBA4A5008A631D /* tune.shield.gain.wav */,
				571E42591ABFA99200898520 /* tune.menu.wav */,
				571E425A1ABFA99200898520 /* tune.intro.wav */,
				574CFC8B1ABF4E1900717F08 /* tune.defeat.wav */,
				574CFC8C1ABF4E1900717F08 /* tune.victory.wav */,
				57C722761AB23521005F70B6 /* click.1.wav */,
				57C722771AB23521005F70B6 /* click.2.wav */,
				57C722781AB23521005F70B6 /* click.3.wav */,
				57C722791AB23521005F70B6 /* click.4.wav */,
			);
			path = assets.sounds;
			sourceTree = "<group>";
		};
		58FDF0B71B138E38002C654E /* Donsol WatchKit Extension */ = {
			isa = PBXGroup;
			children = (
				58FDF0D61B138E91002C654E /* alertView.swift */,
				58FDF0D71B138E91002C654E /* Deck.swift */,
				58FDF0BA1B138E38002C654E /* InterfaceController.swift */,
				58FDF0BC1B138E38002C654E /* Images.xcassets */,
				58FDF0B81B138E38002C654E /* Supporting Files */,
			);
			path = "Donsol WatchKit Extension";
			sourceTree = "<group>";
		};
		58FDF0B81B138E38002C654E /* Supporting Files */ = {
			isa = PBXGroup;
			children = (
				58FDF0B91B138E38002C654E /* Info.plist */,
			);
			name = "Supporting Files";
			sourceTree = "<group>";
		};
		58FDF0C41B138E39002C654E /* Donsol WatchKit App */ = {
			isa = PBXGroup;
			children = (
				58FDF0C71B138E39002C654E /* Interface.storyboard */,
				58FDF0CA1B138E39002C654E /* Images.xcassets */,
				58FDF0C51B138E39002C654E /* Supporting Files */,
			);
			path = "Donsol WatchKit App";
			sourceTree = "<group>";
		};
		58FDF0C51B138E39002C654E /* Supporting Files */ = {
			isa = PBXGroup;
			children = (
				58FDF0C61B138E39002C654E /* Info.plist */,
			);
			name = "Supporting Files";
			sourceTree = "<group>";
		};
/* End PBXGroup section */

/* Begin PBXNativeTarget section */
		57BC29C61AA162BA00098150 /* Donsol */ = {
			isa = PBXNativeTarget;
			buildConfigurationList = 57BC29EA1AA162BA00098150 /* Build configuration list for PBXNativeTarget "Donsol" */;
			buildPhases = (
				57BC29C31AA162BA00098150 /* Sources */,
				57BC29C41AA162BA00098150 /* Frameworks */,
				57BC29C51AA162BA00098150 /* Resources */,
				7D3390A41BB319BA00E45CF4 /* Embed Watch Content */,
			);
			buildRules = (
			);
			dependencies = (
				7D3390A11BB319BA00E45CF4 /* PBXTargetDependency */,
			);
			name = Donsol;
			productName = solitaryDongeon;
			productReference = 57BC29C71AA162BA00098150 /* Donsol.app */;
			productType = "com.apple.product-type.application";
		};
		58FDF0B51B138E38002C654E /* Donsol WatchKit Extension */ = {
			isa = PBXNativeTarget;
			buildConfigurationList = 58FDF0D41B138E39002C654E /* Build configuration list for PBXNativeTarget "Donsol WatchKit Extension" */;
			buildPhases = (
				58FDF0B21B138E38002C654E /* Sources */,
				58FDF0B31B138E38002C654E /* Frameworks */,
				58FDF0B41B138E38002C654E /* Resources */,
			);
			buildRules = (
			);
			dependencies = (
			);
			name = "Donsol WatchKit Extension";
			productName = "Donsol WatchKit Extension";
			productReference = 58FDF0B61B138E38002C654E /* Donsol WatchKit Extension.appex */;
			productType = "com.apple.product-type.watchkit2-extension";
		};
		58FDF0BF1B138E39002C654E /* Donsol WatchKit App */ = {
			isa = PBXNativeTarget;
			buildConfigurationList = 58FDF0D31B138E39002C654E /* Build configuration list for PBXNativeTarget "Donsol WatchKit App" */;
			buildPhases = (
				58FDF0BE1B138E39002C654E /* Resources */,
				7D3390A31BB319BA00E45CF4 /* Embed App Extensions */,
			);
			buildRules = (
			);
			dependencies = (
				7D33909E1BB319BA00E45CF4 /* PBXTargetDependency */,
			);
			name = "Donsol WatchKit App";
			productName = "Donsol WatchKit App";
			productReference = 58FDF0C01B138E39002C654E /* Donsol WatchKit App.app */;
			productType = "com.apple.product-type.application.watchapp2";
		};
/* End PBXNativeTarget section */

/* Begin PBXProject section */
		57BC29BF1AA162BA00098150 /* Project object */ = {
			isa = PBXProject;
			attributes = {
				LastSwiftMigration = 0700;
				LastSwiftUpdateCheck = 0700;
				LastUpgradeCheck = 0700;
				ORGANIZATIONNAME = "Devine Lu Linvega";
				TargetAttributes = {
					57BC29C61AA162BA00098150 = {
						CreatedOnToolsVersion = 6.1.1;
						DevelopmentTeam = B948MFAE5C;
					};
					58FDF0B51B138E38002C654E = {
						CreatedOnToolsVersion = 6.3.2;
						DevelopmentTeam = B948MFAE5C;
					};
					58FDF0BF1B138E39002C654E = {
						CreatedOnToolsVersion = 6.3.2;
						DevelopmentTeam = B948MFAE5C;
					};
				};
			};
			buildConfigurationList = 57BC29C21AA162BA00098150 /* Build configuration list for PBXProject "Donsol" */;
			compatibilityVersion = "Xcode 3.2";
			developmentRegion = English;
			hasScannedForEncodings = 0;
			knownRegions = (
				en,
				Base,
			);
			mainGroup = 57BC29BE1AA162BA00098150;
			productRefGroup = 57BC29C81AA162BA00098150 /* Products */;
			projectDirPath = "";
			projectRoot = "";
			targets = (
				57BC29C61AA162BA00098150 /* Donsol */,
				58FDF0B51B138E38002C654E /* Donsol WatchKit Extension */,
				58FDF0BF1B138E39002C654E /* Donsol WatchKit App */,
			);
		};
/* End PBXProject section */

/* Begin PBXResourcesBuildPhase section */
		57BC29C51AA162BA00098150 /* Resources */ = {
			isa = PBXResourcesBuildPhase;
			buildActionMask = 2147483647;
			files = (
				5766B7581AFB9BE5008A631D /* logan.card.0042 in Resources */,
				57C3865E1AAD6A8B0080F31D /* default.card.0013 in Resources */,
				57C386581AAD6A8B0080F31D /* default.card.0007 in Resources */,
				5766B7671AFB9BE5008A631D /* logan.card.0058 in Resources */,
				5766B75D1AFB9BE5008A631D /* logan.card.0047 in Resources */,
				5766B73B1AFB9BE5008A631D /* logan.card.0013 in Resources */,
				574CFC881ABF1AEB00717F08 /* piece.fill.3.png in Resources */,
				574CFC8A1ABF1D2D00717F08 /* piece.star.png in Resources */,
				571E425C1ABFA99200898520 /* tune.intro.wav in Resources */,
				5766B73D1AFB9BE5008A631D /* logan.card.0015 in Resources */,
				574F0A901ABE07C1008EAF3B /* piece.edge.png in Resources */,
				57C3867E1AAD6A8B0080F31D /* default.card.0045 in Resources */,
				5766B72F1AFB9BE5008A631D /* logan.card.0001 in Resources */,
				57C386631AAD6A8B0080F31D /* default.card.0018 in Resources */,
				57C3867C1AAD6A8B0080F31D /* default.card.0043 in Resources */,
				5766B7531AFB9BE5008A631D /* logan.card.0037 in Resources */,
				5766B7541AFB9BE5008A631D /* logan.card.0038 in Resources */,
				5766B73E1AFB9BE5008A631D /* logan.card.0016 in Resources */,
				574F0A9A1ABE096C008EAF3B /* piece.grass.png in Resources */,
				57C7227B1AB23521005F70B6 /* click.2.wav in Resources */,
				57C3865C1AAD6A8B0080F31D /* default.card.0011 in Resources */,
				57C3866E1AAD6A8B0080F31D /* default.card.0029 in Resources */,
				5766B7361AFB9BE5008A631D /* logan.card.0008 in Resources */,
				5766B7421AFB9BE5008A631D /* logan.card.0020 in Resources */,
				574F0A931ABE07C1008EAF3B /* piece.junction.png in Resources */,
				574F0A911ABE07C1008EAF3B /* piece.fill.1.png in Resources */,
				5766B74B1AFB9BE5008A631D /* logan.card.0029 in Resources */,
				574CFC8E1ABF4E1900717F08 /* tune.defeat.wav in Resources */,
				57C386591AAD6A8B0080F31D /* default.card.0008 in Resources */,
				5766B7441AFB9BE5008A631D /* logan.card.0022 in Resources */,
				5766B7341AFB9BE5008A631D /* logan.card.0006 in Resources */,
				57C386871AAD6A8B0080F31D /* default.card.0054 in Resources */,
				57C386621AAD6A8B0080F31D /* default.card.0017 in Resources */,
				5766B7681AFB9BE5008A631D /* logan.card.0059 in Resources */,
				57C3867F1AAD6A8B0080F31D /* default.card.0046 in Resources */,
				5766B7501AFB9BE5008A631D /* logan.card.0034 in Resources */,
				57C386841AAD6A8B0080F31D /* default.card.0051 in Resources */,
				5766B74C1AFB9BE5008A631D /* logan.card.0030 in Resources */,
				5766B7401AFB9BE5008A631D /* logan.card.0018 in Resources */,
				5766B7351AFB9BE5008A631D /* logan.card.0007 in Resources */,
				57C3867B1AAD6A8B0080F31D /* default.card.0042 in Resources */,
				57C386541AAD6A8B0080F31D /* default.card.0003 in Resources */,
				5766B7491AFB9BE5008A631D /* logan.card.0027 in Resources */,
				5766B7561AFB9BE5008A631D /* logan.card.0040 in Resources */,
				5766B73F1AFB9BE5008A631D /* logan.card.0017 in Resources */,
				57C386731AAD6A8B0080F31D /* default.card.0034 in Resources */,
				5766B7301AFB9BE5008A631D /* logan.card.0002 in Resources */,
				57C386801AAD6A8B0080F31D /* default.card.0047 in Resources */,
				57C3866B1AAD6A8B0080F31D /* default.card.0026 in Resources */,
				574F0A961ABE07C1008EAF3B /* piece.vertical.png in Resources */,
				5766B7611AFB9BE5008A631D /* logan.card.0051 in Resources */,
				5766B75A1AFB9BE5008A631D /* logan.card.0044 in Resources */,
				574F0A8F1ABE07C1008EAF3B /* piece.door.png in Resources */,
				5766B7721AFBA65A008A631D /* tune.health.loose.wav in Resources */,
				5766B7321AFB9BE5008A631D /* logan.card.0004 in Resources */,
				5780562E1AB09AAC007296E4 /* default.card.0057 in Resources */,
				5766B7711AFBA65A008A631D /* tune.health.gain.wav in Resources */,
				5766B75B1AFB9BE5008A631D /* logan.card.0045 in Resources */,
				57C3866A1AAD6A8B0080F31D /* default.card.0025 in Resources */,
				57C3865D1AAD6A8B0080F31D /* default.card.0012 in Resources */,
				57C386521AAD6A8B0080F31D /* default.card.0001 in Resources */,
				5766B7471AFB9BE5008A631D /* logan.card.0025 in Resources */,
				57C3865B1AAD6A8B0080F31D /* default.card.0010 in Resources */,
				57C3866C1AAD6A8B0080F31D /* default.card.0027 in Resources */,
				578056311AB09AAC007296E4 /* default.card.0060 in Resources */,
				57494CBD1B32238000E9E3DD /* splash.logo.png in Resources */,
				57C386601AAD6A8B0080F31D /* default.card.0015 in Resources */,
				57C386811AAD6A8B0080F31D /* default.card.0048 in Resources */,
				5766B7311AFB9BE5008A631D /* logan.card.0003 in Resources */,
				57C386531AAD6A8B0080F31D /* default.card.0002 in Resources */,
				574F0A951ABE07C1008EAF3B /* piece.tower.png in Resources */,
				5766B74A1AFB9BE5008A631D /* logan.card.0028 in Resources */,
				5766B75E1AFB9BE5008A631D /* logan.card.0048 in Resources */,
				574F0A941ABE07C1008EAF3B /* piece.psd in Resources */,
				5766B7641AFB9BE5008A631D /* logan.card.0055 in Resources */,
				57C386661AAD6A8B0080F31D /* default.card.0021 in Resources */,
				5766B7391AFB9BE5008A631D /* logan.card.0011 in Resources */,
				5766B7511AFB9BE5008A631D /* logan.card.0035 in Resources */,
				57C386751AAD6A8B0080F31D /* default.card.0036 in Resources */,
				5766B76D1AFBA4A5008A631D /* tune.shield.gain.wav in Resources */,
				57BC29D61AA162BA00098150 /* Main.storyboard in Resources */,
				5766B7431AFB9BE5008A631D /* logan.card.0021 in Resources */,
				574F0A921ABE07C1008EAF3B /* piece.fill.2.png in Resources */,
				5766B7601AFB9BE5008A631D /* logan.card.0050 in Resources */,
				57C386511AAD6A8B0080F31D /* default.card.0000 in Resources */,
				57C386691AAD6A8B0080F31D /* default.card.0024 in Resources */,
				57C7227D1AB23521005F70B6 /* click.4.wav in Resources */,
				57C3866F1AAD6A8B0080F31D /* default.card.0030 in Resources */,
				57C3867D1AAD6A8B0080F31D /* default.card.0044 in Resources */,
				57C386571AAD6A8B0080F31D /* default.card.0006 in Resources */,
				5766B7481AFB9BE5008A631D /* logan.card.0026 in Resources */,
				578056301AB09AAC007296E4 /* default.card.0059 in Resources */,
				5766B7521AFB9BE5008A631D /* logan.card.0036 in Resources */,
				5766B72E1AFB9BE5008A631D /* logan.card.0000 in Resources */,
				57C386821AAD6A8B0080F31D /* default.card.0049 in Resources */,
				57C3865A1AAD6A8B0080F31D /* default.card.0009 in Resources */,
				57C386891AAD729A0080F31D /* default.card.0055 in Resources */,
				5766B7371AFB9BE5008A631D /* logan.card.0009 in Resources */,
				5766B76C1AFBA4A5008A631D /* tune.shield.break.wav in Resources */,
				5766B7551AFB9BE5008A631D /* logan.card.0039 in Resources */,
				5766B7731AFBA65A008A631D /* tune.health.unchanged.wav in Resources */,
				57494CBE1B32238000E9E3DD /* splash.tune.wav in Resources */,
				571E425B1ABFA99200898520 /* tune.menu.wav in Resources */,
				574CFC8F1ABF4E1900717F08 /* tune.victory.wav in Resources */,
				5766B7461AFB9BE5008A631D /* logan.card.0024 in Resources */,
				5766B73C1AFB9BE5008A631D /* logan.card.0014 in Resources */,
				57C386551AAD6A8B0080F31D /* default.card.0004 in Resources */,
				5766B7651AFB9BE5008A631D /* logan.card.0056 in Resources */,
				5766B7571AFB9BE5008A631D /* logan.card.0041 in Resources */,
				5766B74E1AFB9BE5008A631D /* logan.card.0032 in Resources */,
				57C386721AAD6A8B0080F31D /* default.card.0033 in Resources */,
				57C7227C1AB23521005F70B6 /* click.3.wav in Resources */,
				57BC29DB1AA162BA00098150 /* LaunchScreen.xib in Resources */,
				57C386641AAD6A8B0080F31D /* default.card.0019 in Resources */,
				5780562D1AB09AAC007296E4 /* default.card.0056 in Resources */,
				57C7227A1AB23521005F70B6 /* click.1.wav in Resources */,
				5766B74D1AFB9BE5008A631D /* logan.card.0031 in Resources */,
				57C722891AB23D84005F70B6 /* splash.logo.eternal.png in Resources */,
				57C386651AAD6A8B0080F31D /* default.card.0020 in Resources */,
				57C386671AAD6A8B0080F31D /* default.card.0022 in Resources */,
				57C386611AAD6A8B0080F31D /* default.card.0016 in Resources */,
				57C3866D1AAD6A8B0080F31D /* default.card.0028 in Resources */,
				57C386561AAD6A8B0080F31D /* default.card.0005 in Resources */,
				5766B7751AFBA98E008A631D /* tune.enter.wav in Resources */,
				5766B75C1AFB9BE5008A631D /* logan.card.0046 in Resources */,
				5766B7331AFB9BE5008A631D /* logan.card.0005 in Resources */,
				5766B7661AFB9BE5008A631D /* logan.card.0057 in Resources */,
				57C3867A1AAD6A8B0080F31D /* default.card.0041 in Resources */,
				5766B7411AFB9BE5008A631D /* logan.card.0019 in Resources */,
				57C3865F1AAD6A8B0080F31D /* default.card.0014 in Resources */,
				57C386741AAD6A8B0080F31D /* default.card.0035 in Resources */,
				5766B73A1AFB9BE5008A631D /* logan.card.0012 in Resources */,
				5766B7451AFB9BE5008A631D /* logan.card.0023 in Resources */,
				5766B7381AFB9BE5008A631D /* logan.card.0010 in Resources */,
				57C386861AAD6A8B0080F31D /* default.card.0053 in Resources */,
				57C386781AAD6A8B0080F31D /* default.card.0039 in Resources */,
				5766B74F1AFB9BE5008A631D /* logan.card.0033 in Resources */,
				5766B75F1AFB9BE5008A631D /* logan.card.0049 in Resources */,
				57C386761AAD6A8B0080F31D /* default.card.0037 in Resources */,
				57C386851AAD6A8B0080F31D /* default.card.0052 in Resources */,
				574F0A981ABE08AF008EAF3B /* piece.window.png in Resources */,
				5766B7591AFB9BE5008A631D /* logan.card.0043 in Resources */,
				5780562F1AB09AAC007296E4 /* default.card.0058 in Resources */,
				57C386681AAD6A8B0080F31D /* default.card.0023 in Resources */,
				57C386701AAD6A8B0080F31D /* default.card.0031 in Resources */,
				57C386711AAD6A8B0080F31D /* default.card.0032 in Resources */,
				5766B7631AFB9BE5008A631D /* logan.card.0053 in Resources */,
				5766B7691AFB9BE5008A631D /* logan.card.0060 in Resources */,
				57C386791AAD6A8B0080F31D /* default.card.0040 in Resources */,
				57C386771AAD6A8B0080F31D /* default.card.0038 in Resources */,
				57C386831AAD6A8B0080F31D /* default.card.0050 in Resources */,
				5766B7621AFB9BE5008A631D /* logan.card.0052 in Resources */,
				57BC29D81AA162BA00098150 /* Images.xcassets in Resources */,
			);
			runOnlyForDeploymentPostprocessing = 0;
		};
		58FDF0B41B138E38002C654E /* Resources */ = {
			isa = PBXResourcesBuildPhase;
			buildActionMask = 2147483647;
			files = (
				58FDF0BD1B138E38002C654E /* Images.xcassets in Resources */,
			);
			runOnlyForDeploymentPostprocessing = 0;
		};
		58FDF0BE1B138E39002C654E /* Resources */ = {
			isa = PBXResourcesBuildPhase;
			buildActionMask = 2147483647;
			files = (
				58FDF0C91B138E39002C654E /* Interface.storyboard in Resources */,
				58FDF0CB1B138E39002C654E /* Images.xcassets in Resources */,
			);
			runOnlyForDeploymentPostprocessing = 0;
		};
/* End PBXResourcesBuildPhase section */

/* Begin PBXSourcesBuildPhase section */
		57BC29C31AA162BA00098150 /* Sources */ = {
			isa = PBXSourcesBuildPhase;
			buildActionMask = 2147483647;
			files = (
				57BC29F51AA169E200098150 /* Hand.m in Sources */,
				571E425F1ABFAA0400898520 /* GameViewController.m in Sources */,
				57B172571AA182FD00DE1796 /* User.m in Sources */,
				57494CBF1B32238000E9E3DD /* xxiivvSplash.m in Sources */,
				57BC29F21AA1653E00098150 /* Deck.m in Sources */,
				57494CC31B322AE200E9E3DD /* xxiivvSplashExtraSlide.m in Sources */,
				57BC29D31AA162BA00098150 /* ViewController.m in Sources */,
				57C722861AB23B6C005F70B6 /* segueFade.m in Sources */,
				57BC29D01AA162BA00098150 /* AppDelegate.m in Sources */,
				57BC29CD1AA162BA00098150 /* main.m in Sources */,
				57C722721AB22FE2005F70B6 /* Menu.m in Sources */,
				57B172541AA1807800DE1796 /* Card.m in Sources */,
			);
			runOnlyForDeploymentPostprocessing = 0;
		};
		58FDF0B21B138E38002C654E /* Sources */ = {
			isa = PBXSourcesBuildPhase;
			buildActionMask = 2147483647;
			files = (
				58FDF0D91B138E91002C654E /* Deck.swift in Sources */,
				58FDF0BB1B138E38002C654E /* InterfaceController.swift in Sources */,
				58FDF0D81B138E91002C654E /* alertView.swift in Sources */,
			);
			runOnlyForDeploymentPostprocessing = 0;
		};
/* End PBXSourcesBuildPhase section */

/* Begin PBXTargetDependency section */
		7D33909E1BB319BA00E45CF4 /* PBXTargetDependency */ = {
			isa = PBXTargetDependency;
			target = 58FDF0B51B138E38002C654E /* Donsol WatchKit Extension */;
			targetProxy = 7D33909D1BB319BA00E45CF4 /* PBXContainerItemProxy */;
		};
		7D3390A11BB319BA00E45CF4 /* PBXTargetDependency */ = {
			isa = PBXTargetDependency;
			target = 58FDF0BF1B138E39002C654E /* Donsol WatchKit App */;
			targetProxy = 7D3390A01BB319BA00E45CF4 /* PBXContainerItemProxy */;
		};
/* End PBXTargetDependency section */

/* Begin PBXVariantGroup section */
		57BC29D41AA162BA00098150 /* Main.storyboard */ = {
			isa = PBXVariantGroup;
			children = (
				57BC29D51AA162BA00098150 /* Base */,
			);
			name = Main.storyboard;
			sourceTree = "<group>";
		};
		57BC29D91AA162BA00098150 /* LaunchScreen.xib */ = {
			isa = PBXVariantGroup;
			children = (
				57BC29DA1AA162BA00098150 /* Base */,
			);
			name = LaunchScreen.xib;
			sourceTree = "<group>";
		};
		58FDF0C71B138E39002C654E /* Interface.storyboard */ = {
			isa = PBXVariantGroup;
			children = (
				58FDF0C81B138E39002C654E /* Base */,
			);
			name = Interface.storyboard;
			sourceTree = "<group>";
		};
/* End PBXVariantGroup section */

/* Begin XCBuildConfiguration section */
		57BC29E81AA162BA00098150 /* Debug */ = {
			isa = XCBuildConfiguration;
			buildSettings = {
				ALWAYS_SEARCH_USER_PATHS = NO;
				CLANG_CXX_LANGUAGE_STANDARD = "gnu++0x";
				CLANG_CXX_LIBRARY = "libc++";
				CLANG_ENABLE_MODULES = YES;
				CLANG_ENABLE_OBJC_ARC = YES;
				CLANG_WARN_BOOL_CONVERSION = YES;
				CLANG_WARN_CONSTANT_CONVERSION = YES;
				CLANG_WARN_DIRECT_OBJC_ISA_USAGE = YES_ERROR;
				CLANG_WARN_EMPTY_BODY = YES;
				CLANG_WARN_ENUM_CONVERSION = YES;
				CLANG_WARN_INT_CONVERSION = YES;
				CLANG_WARN_OBJC_ROOT_CLASS = YES_ERROR;
				CLANG_WARN_UNREACHABLE_CODE = YES;
				CLANG_WARN__DUPLICATE_METHOD_MATCH = YES;
				"CODE_SIGN_IDENTITY[sdk=iphoneos*]" = "iPhone Developer";
				COPY_PHASE_STRIP = NO;
				EMBEDDED_CONTENT_CONTAINS_SWIFT = YES;
				ENABLE_STRICT_OBJC_MSGSEND = YES;
				ENABLE_TESTABILITY = YES;
				GCC_C_LANGUAGE_STANDARD = gnu99;
				GCC_DYNAMIC_NO_PIC = NO;
				GCC_OPTIMIZATION_LEVEL = 0;
				GCC_PREPROCESSOR_DEFINITIONS = (
					"DEBUG=1",
					"$(inherited)",
				);
				GCC_SYMBOLS_PRIVATE_EXTERN = NO;
				GCC_WARN_64_TO_32_BIT_CONVERSION = YES;
				GCC_WARN_ABOUT_RETURN_TYPE = YES_ERROR;
				GCC_WARN_UNDECLARED_SELECTOR = YES;
				GCC_WARN_UNINITIALIZED_AUTOS = YES_AGGRESSIVE;
				GCC_WARN_UNUSED_FUNCTION = YES;
				GCC_WARN_UNUSED_VARIABLE = YES;
				IPHONEOS_DEPLOYMENT_TARGET = 7.1;
				MTL_ENABLE_DEBUG_INFO = YES;
				ONLY_ACTIVE_ARCH = YES;
				SDKROOT = iphoneos;
				TARGETED_DEVICE_FAMILY = "1,2";
			};
			name = Debug;
		};
		57BC29E91AA162BA00098150 /* Release */ = {
			isa = XCBuildConfiguration;
			buildSettings = {
				ALWAYS_SEARCH_USER_PATHS = NO;
				CLANG_CXX_LANGUAGE_STANDARD = "gnu++0x";
				CLANG_CXX_LIBRARY = "libc++";
				CLANG_ENABLE_MODULES = YES;
				CLANG_ENABLE_OBJC_ARC = YES;
				CLANG_WARN_BOOL_CONVERSION = YES;
				CLANG_WARN_CONSTANT_CONVERSION = YES;
				CLANG_WARN_DIRECT_OBJC_ISA_USAGE = YES_ERROR;
				CLANG_WARN_EMPTY_BODY = YES;
				CLANG_WARN_ENUM_CONVERSION = YES;
				CLANG_WARN_INT_CONVERSION = YES;
				CLANG_WARN_OBJC_ROOT_CLASS = YES_ERROR;
				CLANG_WARN_UNREACHABLE_CODE = YES;
				CLANG_WARN__DUPLICATE_METHOD_MATCH = YES;
				"CODE_SIGN_IDENTITY[sdk=iphoneos*]" = "iPhone Developer";
				COPY_PHASE_STRIP = YES;
				EMBEDDED_CONTENT_CONTAINS_SWIFT = YES;
				ENABLE_NS_ASSERTIONS = NO;
				ENABLE_STRICT_OBJC_MSGSEND = YES;
				GCC_C_LANGUAGE_STANDARD = gnu99;
				GCC_WARN_64_TO_32_BIT_CONVERSION = YES;
				GCC_WARN_ABOUT_RETURN_TYPE = YES_ERROR;
				GCC_WARN_UNDECLARED_SELECTOR = YES;
				GCC_WARN_UNINITIALIZED_AUTOS = YES_AGGRESSIVE;
				GCC_WARN_UNUSED_FUNCTION = YES;
				GCC_WARN_UNUSED_VARIABLE = YES;
				IPHONEOS_DEPLOYMENT_TARGET = 7.1;
				MTL_ENABLE_DEBUG_INFO = NO;
				SDKROOT = iphoneos;
				TARGETED_DEVICE_FAMILY = "1,2";
				VALIDATE_PRODUCT = YES;
			};
			name = Release;
		};
		57BC29EB1AA162BA00098150 /* Debug */ = {
			isa = XCBuildConfiguration;
			buildSettings = {
				ASSETCATALOG_COMPILER_APPICON_NAME = AppIcon;
				ASSETCATALOG_COMPILER_LAUNCHIMAGE_NAME = LaunchImage;
				CODE_SIGN_IDENTITY = "iPhone Developer";
				"CODE_SIGN_IDENTITY[sdk=iphoneos*]" = "iPhone Developer";
				EMBEDDED_CONTENT_CONTAINS_SWIFT = NO;
				INFOPLIST_FILE = solitaryDongeon/Info.plist;
				IPHONEOS_DEPLOYMENT_TARGET = 7.1;
				LD_RUNPATH_SEARCH_PATHS = "$(inherited) @executable_path/Frameworks";
				PRODUCT_BUNDLE_IDENTIFIER = com.xxiivv.donsol;
				PRODUCT_NAME = Donsol;
				PROVISIONING_PROFILE = "";
				TARGETED_DEVICE_FAMILY = 1;
			};
			name = Debug;
		};
		57BC29EC1AA162BA00098150 /* Release */ = {
			isa = XCBuildConfiguration;
			buildSettings = {
				ASSETCATALOG_COMPILER_APPICON_NAME = AppIcon;
				ASSETCATALOG_COMPILER_LAUNCHIMAGE_NAME = LaunchImage;
				CODE_SIGN_IDENTITY = "iPhone Developer";
				"CODE_SIGN_IDENTITY[sdk=iphoneos*]" = "iPhone Developer";
				EMBEDDED_CONTENT_CONTAINS_SWIFT = NO;
				INFOPLIST_FILE = solitaryDongeon/Info.plist;
				IPHONEOS_DEPLOYMENT_TARGET = 7.1;
				LD_RUNPATH_SEARCH_PATHS = "$(inherited) @executable_path/Frameworks";
				PRODUCT_BUNDLE_IDENTIFIER = com.xxiivv.donsol;
				PRODUCT_NAME = Donsol;
				PROVISIONING_PROFILE = "";
				TARGETED_DEVICE_FAMILY = 1;
			};
			name = Release;
		};
		58FDF0CF1B138E39002C654E /* Debug */ = {
			isa = XCBuildConfiguration;
			buildSettings = {
				CODE_SIGN_IDENTITY = "iPhone Developer";
				"CODE_SIGN_IDENTITY[sdk=iphoneos*]" = "iPhone Developer";
				DEBUG_INFORMATION_FORMAT = "dwarf-with-dsym";
				EMBEDDED_CONTENT_CONTAINS_SWIFT = NO;
				GCC_NO_COMMON_BLOCKS = YES;
				GCC_PREPROCESSOR_DEFINITIONS = (
					"DEBUG=1",
					"$(inherited)",
				);
				INFOPLIST_FILE = "Donsol WatchKit Extension/Info.plist";
				IPHONEOS_DEPLOYMENT_TARGET = 8.2;
				LD_RUNPATH_SEARCH_PATHS = "@executable_path/../../Frameworks";
				PRODUCT_BUNDLE_IDENTIFIER = com.xxiivv.donsol.watchkitapp.watchkitextension;
				PRODUCT_NAME = "${TARGET_NAME}";
				SDKROOT = watchos;
				SKIP_INSTALL = YES;
				SWIFT_OPTIMIZATION_LEVEL = "-Onone";
				TARGETED_DEVICE_FAMILY = 4;
				WATCHOS_DEPLOYMENT_TARGET = 2.0;
			};
			name = Debug;
		};
		58FDF0D01B138E39002C654E /* Release */ = {
			isa = XCBuildConfiguration;
			buildSettings = {
				CODE_SIGN_IDENTITY = "iPhone Developer";
				"CODE_SIGN_IDENTITY[sdk=iphoneos*]" = "iPhone Developer";
				COPY_PHASE_STRIP = NO;
				DEBUG_INFORMATION_FORMAT = "dwarf-with-dsym";
				EMBEDDED_CONTENT_CONTAINS_SWIFT = NO;
				GCC_NO_COMMON_BLOCKS = YES;
				INFOPLIST_FILE = "Donsol WatchKit Extension/Info.plist";
				IPHONEOS_DEPLOYMENT_TARGET = 8.2;
				LD_RUNPATH_SEARCH_PATHS = "@executable_path/../../Frameworks";
				PRODUCT_BUNDLE_IDENTIFIER = com.xxiivv.donsol.watchkitapp.watchkitextension;
				PRODUCT_NAME = "${TARGET_NAME}";
				SDKROOT = watchos;
				SKIP_INSTALL = YES;
				TARGETED_DEVICE_FAMILY = 4;
				WATCHOS_DEPLOYMENT_TARGET = 2.0;
			};
			name = Release;
		};
		58FDF0D11B138E39002C654E /* Debug */ = {
			isa = XCBuildConfiguration;
			buildSettings = {
				ASSETCATALOG_COMPILER_APPICON_NAME = AppIcon;
				CODE_SIGN_IDENTITY = "iPhone Developer";
				DEBUG_INFORMATION_FORMAT = "dwarf-with-dsym";
				EMBEDDED_CONTENT_CONTAINS_SWIFT = YES;
				GCC_NO_COMMON_BLOCKS = YES;
				GCC_PREPROCESSOR_DEFINITIONS = (
					"DEBUG=1",
					"$(inherited)",
				);
				IBSC_MODULE = Donsol_WatchKit_Extension;
				INFOPLIST_FILE = "Donsol WatchKit App/Info.plist";
				LD_RUNPATH_SEARCH_PATHS = "@executable_path/../../Frameworks";
				PRODUCT_BUNDLE_IDENTIFIER = com.xxiivv.donsol.watchkitapp;
				PRODUCT_NAME = "$(TARGET_NAME)";
				SDKROOT = watchos;
				SKIP_INSTALL = YES;
				TARGETED_DEVICE_FAMILY = 4;
				WATCHOS_DEPLOYMENT_TARGET = 2.0;
			};
			name = Debug;
		};
		58FDF0D21B138E39002C654E /* Release */ = {
			isa = XCBuildConfiguration;
			buildSettings = {
				ASSETCATALOG_COMPILER_APPICON_NAME = AppIcon;
				CODE_SIGN_IDENTITY = "iPhone Developer";
				COPY_PHASE_STRIP = NO;
				DEBUG_INFORMATION_FORMAT = "dwarf-with-dsym";
				EMBEDDED_CONTENT_CONTAINS_SWIFT = YES;
				GCC_NO_COMMON_BLOCKS = YES;
				IBSC_MODULE = Donsol_WatchKit_Extension;
				INFOPLIST_FILE = "Donsol WatchKit App/Info.plist";
				LD_RUNPATH_SEARCH_PATHS = "@executable_path/../../Frameworks";
				PRODUCT_BUNDLE_IDENTIFIER = com.xxiivv.donsol.watchkitapp;
				PRODUCT_NAME = "$(TARGET_NAME)";
				SDKROOT = watchos;
				SKIP_INSTALL = YES;
				TARGETED_DEVICE_FAMILY = 4;
				WATCHOS_DEPLOYMENT_TARGET = 2.0;
			};
			name = Release;
		};
/* End XCBuildConfiguration section */

/* Begin XCConfigurationList section */
		57BC29C21AA162BA00098150 /* Build configuration list for PBXProject "Donsol" */ = {
			isa = XCConfigurationList;
			buildConfigurations = (
				57BC29E81AA162BA00098150 /* Debug */,
				57BC29E91AA162BA00098150 /* Release */,
			);
			defaultConfigurationIsVisible = 0;
			defaultConfigurationName = Release;
		};
		57BC29EA1AA162BA00098150 /* Build configuration list for PBXNativeTarget "Donsol" */ = {
			isa = XCConfigurationList;
			buildConfigurations = (
				57BC29EB1AA162BA00098150 /* Debug */,
				57BC29EC1AA162BA00098150 /* Release */,
			);
			defaultConfigurationIsVisible = 0;
			defaultConfigurationName = Release;
		};
		58FDF0D31B138E39002C654E /* Build configuration list for PBXNativeTarget "Donsol WatchKit App" */ = {
			isa = XCConfigurationList;
			buildConfigurations = (
				58FDF0D11B138E39002C654E /* Debug */,
				58FDF0D21B138E39002C654E /* Release */,
			);
			defaultConfigurationIsVisible = 0;
			defaultConfigurationName = Release;
		};
		58FDF0D41B138E39002C654E /* Build configuration list for PBXNativeTarget "Donsol WatchKit Extension" */ = {
			isa = XCConfigurationList;
			buildConfigurations = (
				58FDF0CF1B138E39002C654E /* Debug */,
				58FDF0D01B138E39002C654E /* Release */,
			);
			defaultConfigurationIsVisible = 0;
			defaultConfigurationName = Release;
		};
/* End XCConfigurationList section */
	};
	rootObject = 57BC29BF1AA162BA00098150 /* Project object */;
}
